<?xml version="1.0" encoding="UTF-8" standalone="yes" ?>
<CodeBlocks_project_file>
	<FileVersion major="1" minor="6" />
	<Project>
		<Option title="BUILD_DLL" />
		<Option pch_mode="2" />
		<Option compiler="gcc" />
		<Build>
			<Target title="Debug Mingw32 official">
				<Option output="binMingW32of/Debug/dll_core" prefix_auto="1" extension_auto="1" />
				<Option object_output="objMingW32of/Debug/" />
				<Option type="3" />
				<Option compiler="gcc" />
				<Option createDefFile="1" />
				<Option createStaticLib="1" />
				<Compiler>
					<Add option="-g" />
					<Add option="-D_DEBUG" />
					<Add option="-DDEBUG" />
					<Add option="-DBUILD_DLL" />
					<Add option="-D_WIN32" />
				</Compiler>
				<ExtraCommands>
					<Add before="cmd /c echo.  *********  Quelques caracteristiques du systeme hebergeant l&apos;environnement de developpement.   ***********" />
					<Add before="cmd /c WMIC OS GET Name" />
					<Add before="cmd /c WMIC OS GET Version" />
					<Add before="cmd /c WMIC OS GET OSArchitecture" />
					<Add before="gcc --version" />
					<Add after="cmd /c type binMingW32of\Debug\libdll_core.def" />
				</ExtraCommands>
			</Target>
			<Target title="Release Mingw32 official">
				<Option output="binMingW32of/Release/dll_core" prefix_auto="1" extension_auto="1" />
				<Option object_output="objMingW32of/Release/" />
				<Option type="3" />
				<Option compiler="gcc" />
				<Option createDefFile="1" />
				<Option createStaticLib="1" />
				<Compiler>
					<Add option="-O2" />
					<Add option="-DNDEBUG" />
					<Add option="-DBUILD_DLL" />
					<Add option="-D_WIN32" />
				</Compiler>
				<Linker>
					<Add option="-s" />
				</Linker>
				<ExtraCommands>
					<Add before="gcc --version" />
					<Add after="cmd /c type binMingW32of\Release\libdll_core.def" />
				</ExtraCommands>
			</Target>
			<Target title="Debug Mingw64 CB">
				<Option platforms="Windows;" />
				<Option output="binMingw64CB/Debug/dll_core" prefix_auto="1" extension_auto="1" />
				<Option object_output="objMingw64CB/Debug/" />
				<Option type="3" />
				<Option compiler="gnu_gcc_compiler_cb" />
				<Option createDefFile="1" />
				<Option createStaticLib="1" />
				<Compiler>
					<Add option="-g" />
					<Add option="-march=core2" />
					<Add option="-D_DEBUG" />
					<Add option="-DDEBUG" />
					<Add option="-DBUILD_DLL" />
					<Add option="-D_WIN64" />
				</Compiler>
				<Linker>
					<Add library="libkernel32" />
					<Add library="libuser32" />
				</Linker>
				<ExtraCommands>
					<Add before="gcc --version" />
					<Add after="cmd /c type binMingw64CB\Debug\libdll_core.def" />
				</ExtraCommands>
			</Target>
			<Target title="Release Mingw64 CB">
				<Option platforms="Windows;" />
				<Option output="binMingw64CB/Release/dll_core" prefix_auto="1" extension_auto="1" />
				<Option object_output="objMingw64CB/Release/" />
				<Option type="3" />
				<Option compiler="gnu_gcc_compiler_cb" />
				<Option createDefFile="1" />
				<Option createStaticLib="1" />
				<Compiler>
					<Add option="-O2" />
					<Add option="-DNDEBUG" />
					<Add option="-DBUILD_DLL" />
					<Add option="-D_WIN64" />
				</Compiler>
				<Linker>
					<Add option="-s" />
					<Add library="libkernel32" />
					<Add library="libuser32" />
				</Linker>
				<ExtraCommands>
					<Add before="gcc --version" />
					<Add after="cmd /c type binMingw64CB\Release\libdll_core.def" />
				</ExtraCommands>
			</Target>
			<Target title="Debug Mingw64 Dev-Cpp">
				<Option platforms="Windows;" />
				<Option output="binDevCpp/Debug/dll_core" prefix_auto="1" extension_auto="1" />
				<Option object_output="objDevCpp/Debug/" />
				<Option type="3" />
				<Option compiler="gnu_gcc_compiler_dev" />
				<Option createDefFile="1" />
				<Option createStaticLib="1" />
				<Compiler>
					<Add option="-g" />
					<Add option="-D_DEBUG" />
					<Add option="-DDEBUG" />
					<Add option="-DBUILD_DLL" />
					<Add option="-D_WIN64" />
				</Compiler>
				<Linker>
					<Add library="libkernel32" />
					<Add library="libuser32" />
				</Linker>
				<ExtraCommands>
					<Add before="gcc --version" />
					<Add after="cmd /c type binDevCpp\Debug\libdll_core.def" />
				</ExtraCommands>
			</Target>
			<Target title="Release Mingw64 Dev-Cpp">
				<Option platforms="Windows;" />
				<Option output="binDevCpp/Release/dll_core" prefix_auto="1" extension_auto="1" />
				<Option object_output="objDevCpp/Release/" />
				<Option type="3" />
				<Option compiler="gnu_gcc_compiler_dev" />
				<Option createDefFile="1" />
				<Option createStaticLib="1" />
				<Compiler>
					<Add option="-O2" />
					<Add option="-DNDEBUG" />
					<Add option="-DBUILD_DLL" />
					<Add option="-D_WIN64" />
				</Compiler>
				<Linker>
					<Add option="-s" />
					<Add library="libkernel32" />
					<Add library="libuser32" />
				</Linker>
				<ExtraCommands>
					<Add before="gcc --version" />
					<Add after="cmd /c type binDevCpp\Release\libdll_core.def" />
				</ExtraCommands>
			</Target>
			<Target title="Debug CYGWIN 32">
				<Option platforms="Windows;" />
				<Option output="binCYGWIN32/Debug/dll_core" prefix_auto="1" extension_auto="1" />
				<Option object_output="objCYGWIN32/Debug" />
				<Option type="3" />
				<Option compiler="cygwin_gcc_32" />
				<Option createDefFile="1" />
				<Option createStaticLib="1" />
				<Compiler>
					<Add option="-g" />
					<Add option="-D_DEBUG" />
					<Add option="-DDEBUG" />
					<Add option="-DBUILD_DLL" />
					<Add option="-D_WIN32" />
				</Compiler>
				<Linker>
					<Add option="-mwindows" />
					<Add option="-Wl,--export-all-symbols" />
					<Add option="-Wl,--enable-auto-import" />
					<Add library="kernel32" />
					<Add library="user32" />
				</Linker>
				<ExtraCommands>
					<Add before="i686-w64-mingw32-gcc.exe --version" />
					<Add after="cmd /c type binCYGWIN32\Debug\libdll_core.def" />
				</ExtraCommands>
			</Target>
			<Target title="Release CYGWIN 32">
				<Option platforms="Windows;" />
				<Option output="binCYGWIN32/Release/dll_core" prefix_auto="1" extension_auto="1" />
				<Option object_output="objCYGWIN32/Release/" />
				<Option type="3" />
				<Option compiler="cygwin_gcc_32" />
				<Option createDefFile="1" />
				<Option createStaticLib="1" />
				<Compiler>
					<Add option="-DNDEBUG" />
					<Add option="-DBUILD_DLL" />
					<Add option="-D_WIN32" />
				</Compiler>
				<Linker>
					<Add option="-mwindows" />
					<Add library="kernel32" />
					<Add library="user32" />
				</Linker>
				<ExtraCommands>
					<Add before="i686-w64-mingw32-gcc.exe --version" />
					<Add after="cmd /c type binCYGWIN32\Release\libdll_core.def" />
				</ExtraCommands>
			</Target>
			<Target title="Debug CYGWIN 64">
				<Option platforms="Windows;" />
				<Option output="binCYGWIN64/Debug/dll_core" prefix_auto="1" extension_auto="1" />
				<Option object_output="objCYGWIN64/Debug" />
				<Option type="3" />
				<Option compiler="cygwin" />
				<Option createDefFile="1" />
				<Option createStaticLib="1" />
				<Compiler>
					<Add option="-g" />
					<Add option="-D_DEBUG" />
					<Add option="-DDEBUG" />
					<Add option="-DBUILD_DLL" />
					<Add option="-D_WIN64" />
				</Compiler>
				<Linker>
					<Add option="-mwindows" />
					<Add library="kernel32" />
					<Add library="user32" />
				</Linker>
				<ExtraCommands>
					<Add before="x86_64-w64-mingw32-gcc.exe --version" />
					<Add after="cmd /c type binCYGWIN64\Debug\libdll_core.def" />
				</ExtraCommands>
			</Target>
			<Target title="Release CYGWIN 64">
				<Option platforms="Windows;" />
				<Option output="binCYGWIN64/Release/dll_core" prefix_auto="1" extension_auto="1" />
				<Option object_output="objCYGWIN64/Release/" />
				<Option type="3" />
				<Option compiler="cygwin" />
				<Option createDefFile="1" />
				<Option createStaticLib="1" />
				<Compiler>
					<Add option="-DNDEBUG" />
					<Add option="-DBUILD_DLL" />
					<Add option="-D_WIN64" />
				</Compiler>
				<Linker>
					<Add option="-mwindows" />
					<Add library="kernel32" />
					<Add library="user32" />
				</Linker>
				<ExtraCommands>
					<Add before="x86_64-w64-mingw32-gcc.exe --version" />
					<Add after="cmd /c type binCYGWIN64\Release\libdll_core.def" />
				</ExtraCommands>
			</Target>
			<Target title="Debug Mingw32 wl">
				<Option platforms="Windows;" />
				<Option output="binMingw32wl/Debug/dll_core" prefix_auto="1" extension_auto="1" />
				<Option object_output="objMingw32wl/Debug/" />
				<Option type="3" />
				<Option compiler="gnu_gcc_mingw32_compiler" />
				<Option createDefFile="1" />
				<Option createStaticLib="1" />
				<Compiler>
					<Add option="-g" />
					<Add option="-D_DEBUG" />
					<Add option="-DDEBUG" />
					<Add option="-DBUILD_DLL" />
					<Add option="-D_WIN32" />
				</Compiler>
				<Linker>
					<Add option="-DBUILD_DLL" />
					<Add option="-D_WIN32" />
					<Add library="libkernel32" />
					<Add library="libuser32" />
				</Linker>
				<ExtraCommands>
					<Add before="gcc --version" />
					<Add after="cmd /c type binMingw32wl\Debug\libdll_core.def" />
				</ExtraCommands>
			</Target>
			<Target title="Release Mingw32 wl">
				<Option platforms="Windows;" />
				<Option output="binMingw32wl/Release/dll_core" prefix_auto="1" extension_auto="1" />
				<Option object_output="objMingw32wl/Release/" />
				<Option type="3" />
				<Option compiler="gnu_gcc_mingw32_compiler" />
				<Option createDefFile="1" />
				<Option createStaticLib="1" />
				<Compiler>
					<Add option="-DNDEBUG" />
					<Add option="-DBUILD_DLL" />
					<Add option="-D_WIN32" />
				</Compiler>
				<Linker>
					<Add library="libkernel32" />
					<Add library="libuser32" />
				</Linker>
				<ExtraCommands>
					<Add before="gcc --version" />
					<Add after="cmd /c type binMingw32wl\Release\libdll_core.def" />
				</ExtraCommands>
			</Target>
			<Target title="Debug Mingw64 wl">
				<Option platforms="Windows;" />
				<Option output="binMingw64wl/Debug/dll_core" prefix_auto="1" extension_auto="1" />
				<Option object_output="objMingw64wl/Debug/" />
				<Option type="3" />
				<Option compiler="gcc-mingw64" />
				<Option createDefFile="1" />
				<Option createStaticLib="1" />
				<Compiler>
					<Add option="-g" />
					<Add option="-D_DEBUG" />
					<Add option="-DDEBUG" />
					<Add option="-DBUILD_DLL" />
					<Add option="-D_WIN64" />
				</Compiler>
				<Linker>
					<Add library="libkernel32" />
					<Add library="libuser32" />
				</Linker>
				<ExtraCommands>
					<Add before="gcc --version" />
					<Add after="cmd /c type binMingw64wl\Debug\libdll_core.def" />
				</ExtraCommands>
			</Target>
			<Target title="Release Mingw64 wl">
				<Option platforms="Windows;" />
				<Option output="binMingw64wl/Release/dll_core" prefix_auto="1" extension_auto="1" />
				<Option object_output="objMingw64wl/Release/" />
				<Option type="3" />
				<Option compiler="gcc-mingw64" />
				<Option createDefFile="1" />
				<Option createStaticLib="1" />
				<Compiler>
					<Add option="-O2" />
					<Add option="-DNDEBUG" />
					<Add option="-DBUILD_DLL" />
					<Add option="-D_WIN64" />
				</Compiler>
				<Linker>
					<Add option="-s" />
					<Add library="libkernel32" />
					<Add library="libuser32" />
				</Linker>
				<ExtraCommands>
					<Add before="gcc --version" />
					<Add after="cmd /c type binMingw64wl\Release\libdll_core.def" />
				</ExtraCommands>
			</Target>
			<Target title="Debug TDM MinGW32">
				<Option platforms="Windows;" />
				<Option output="binTDMW32/Debug/dll_core" prefix_auto="1" extension_auto="1" />
				<Option object_output="objTDMW32/Debug" />
				<Option type="3" />
				<Option compiler="tdm_gcc_compiler" />
				<Option createDefFile="1" />
				<Option createStaticLib="1" />
				<Compiler>
					<Add option="-std=c99" />
					<Add option="-g" />
					<Add option="-D_DEBUG" />
					<Add option="-DDEBUG" />
					<Add option="-DBUILD_DLL" />
					<Add option="-D_WIN32" />
				</Compiler>
				<Linker>
					<Add library="libkernel32" />
					<Add library="libuser32" />
				</Linker>
				<ExtraCommands>
					<Add before="gcc --version" />
					<Add after="cmd /c type binTDMW32\Debug\libdll_core.def" />
				</ExtraCommands>
			</Target>
			<Target title="Release TDM MinGW32">
				<Option platforms="Windows;" />
				<Option output="binTDMW32/Release/dll_core" prefix_auto="1" extension_auto="1" />
				<Option object_output="objTDMW32/Release" />
				<Option type="3" />
				<Option compiler="tdm_gcc_compiler" />
				<Option createDefFile="1" />
				<Option createStaticLib="1" />
				<Compiler>
					<Add option="-O2" />
					<Add option="-std=c99" />
					<Add option="-DNDEBUG" />
					<Add option="-DBUILD_DLL" />
					<Add option="-D_WIN32" />
				</Compiler>
				<Linker>
					<Add option="-s" />
					<Add library="libkernel32" />
					<Add library="libuser32" />
				</Linker>
				<ExtraCommands>
					<Add before="gcc --version" />
					<Add after="cmd /c type binTDMW32\Release\libdll_core.def" />
				</ExtraCommands>
			</Target>
			<Target title="Debug TDM MinGW64">
				<Option platforms="Windows;" />
				<Option output="binTDMW64/Debug/dll_core" prefix_auto="1" extension_auto="1" />
				<Option object_output="objTDMW64/Debug" />
				<Option type="3" />
				<Option compiler="tdm_gcc_x64_compiler" />
				<Option createDefFile="1" />
				<Option createStaticLib="1" />
				<Compiler>
					<Add option="-march=core2" />
					<Add option="-g" />
					<Add option="-std=c99" />
					<Add option="-D_DEBUG" />
					<Add option="-DDEBUG" />
					<Add option="-DBUILD_DLL" />
					<Add option="-D_WIN64" />
				</Compiler>
				<Linker>
					<Add library="libkernel32" />
					<Add library="libuser32" />
				</Linker>
				<ExtraCommands>
					<Add before="gcc --version" />
					<Add after="cmd /c type binTDMW64\Debug\libdll_core.def" />
				</ExtraCommands>
			</Target>
			<Target title="Release TDM MinGW64">
				<Option platforms="Windows;" />
				<Option output="binTDMW64/Release/dll_core" prefix_auto="1" extension_auto="1" />
				<Option object_output="objTDMW64/Release" />
				<Option type="3" />
				<Option compiler="tdm_gcc_x64_compiler" />
				<Option createDefFile="1" />
				<Option createStaticLib="1" />
				<Compiler>
					<Add option="-march=core2" />
					<Add option="-O2" />
					<Add option="-std=c99" />
					<Add option="-DNDEBUG" />
					<Add option="-DBUILD_DLL" />
					<Add option="-D_WIN64" />
				</Compiler>
				<Linker>
					<Add option="-s" />
					<Add library="libkernel32" />
					<Add library="libuser32" />
				</Linker>
				<ExtraCommands>
					<Add before="gcc --version" />
					<Add after="cmd /c type binTDMW64\Release\libdll_core.def" />
				</ExtraCommands>
			</Target>
			<Target title="Debug MSYS2W32">
				<Option platforms="Windows;" />
				<Option output="binMSYS2W32/Debug/dll_core" prefix_auto="1" extension_auto="1" />
				<Option object_output="objMSYS2W32/Debug/" />
				<Option type="3" />
				<Option compiler="gcc-msys2-mingw32" />
				<Option createDefFile="1" />
				<Option createStaticLib="1" />
				<Compiler>
					<Add option="-g" />
					<Add option="-D_DEBUG" />
					<Add option="-DDEBUG" />
					<Add option="-DBUILD_DLL" />
					<Add option="-D_WIN32" />
				</Compiler>
				<Linker>
					<Add library="libkernel32" />
					<Add library="libuser32" />
				</Linker>
				<ExtraCommands>
					<Add before="gcc --version" />
					<Add after="cmd /c type binMSYS2W32\Debug\libdll_core.def" />
				</ExtraCommands>
			</Target>
			<Target title="Release MSYS2W32">
				<Option platforms="Windows;" />
				<Option output="binMSYS2W32/Release/dll_core" prefix_auto="1" extension_auto="1" />
				<Option object_output="objMSYS2W32/Release/" />
				<Option type="3" />
				<Option compiler="gcc-msys2-mingw32" />
				<Option createDefFile="1" />
				<Option createStaticLib="1" />
				<Compiler>
					<Add option="-O2" />
					<Add option="-DNDEBUG" />
					<Add option="-DBUILD_DLL" />
					<Add option="-D_WIN32" />
				</Compiler>
				<Linker>
					<Add option="-s" />
					<Add library="libkernel32" />
					<Add library="libuser32" />
				</Linker>
				<ExtraCommands>
					<Add before="gcc --version" />
					<Add after="cmd /c type binMSYS2W32\Release\libdll_core.def" />
				</ExtraCommands>
			</Target>
			<Target title="Debug MSYS2W64">
				<Option platforms="Windows;" />
				<Option output="binMSYS2W64/Debug/dll_core" prefix_auto="1" extension_auto="1" />
				<Option object_output="objMSYS2W64/Debug/" />
				<Option type="3" />
				<Option compiler="gcc-msys2-mingw64" />
				<Option createDefFile="1" />
				<Option createStaticLib="1" />
				<Compiler>
					<Add option="-g" />
					<Add option="-D_DEBUG" />
					<Add option="-DDEBUG" />
					<Add option="-DBUILD_DLL" />
					<Add option="-D_WIN64" />
				</Compiler>
				<Linker>
					<Add library="libkernel32" />
					<Add library="libuser32" />
				</Linker>
				<ExtraCommands>
					<Add before="gcc --version" />
					<Add after="cmd /c type binMSYS2W64\Debug\libdll_core.def" />
				</ExtraCommands>
			</Target>
			<Target title="Release MSYS2W64">
				<Option platforms="Windows;" />
				<Option output="binMSYS2W64/Release/dll_core" prefix_auto="1" extension_auto="1" />
				<Option object_output="objMSYS2W64/Release/" />
				<Option type="3" />
				<Option compiler="gcc-msys2-mingw64" />
				<Option createDefFile="1" />
				<Option createStaticLib="1" />
				<Compiler>
					<Add option="-O2" />
					<Add option="-DNDEBUG" />
					<Add option="-DBUILD_DLL" />
					<Add option="-D_WIN64" />
				</Compiler>
				<Linker>
					<Add option="-s" />
					<Add library="libkernel32" />
					<Add library="libuser32" />
				</Linker>
				<ExtraCommands>
					<Add before="gcc --version" />
					<Add after="cmd /c type binMSYS2W64\Release\libdll_core.def" />
				</ExtraCommands>
			</Target>
			<Target title="Debug MSYS2 UCRT64">
				<Option platforms="Windows;" />
				<Option output="binMSYS2U64/Debug/dll_core" prefix_auto="1" extension_auto="1" />
				<Option object_output="objMSYS2U64/Debug/" />
				<Option type="3" />
				<Option compiler="gnu_gcc_msys_ucrt64_compiler" />
				<Option createDefFile="1" />
				<Option createStaticLib="1" />
				<Compiler>
					<Add option="-g" />
					<Add option="-D_DEBUG" />
					<Add option="-DDEBUG" />
					<Add option="-DBUILD_DLL" />
					<Add option="-D_WIN64" />
				</Compiler>
				<Linker>
					<Add library="libkernel32" />
					<Add library="libuser32" />
				</Linker>
				<ExtraCommands>
					<Add before="gcc --version" />
					<Add after="cmd /c type binMSYS2W64\Debug\libdll_core.def" />
				</ExtraCommands>
			</Target>
			<Target title="Release MSYS2 UCRT64">
				<Option platforms="Windows;" />
				<Option output="binMSYS2U64/Release/dll_core" prefix_auto="1" extension_auto="1" />
				<Option object_output="objMSYS2U64/Release/" />
				<Option type="3" />
				<Option compiler="gnu_gcc_msys_ucrt64_compiler" />
				<Option createDefFile="1" />
				<Option createStaticLib="1" />
				<Compiler>
					<Add option="-DNDEBUG" />
					<Add option="-DBUILD_DLL" />
					<Add option="-D_WIN64" />
				</Compiler>
				<Linker>
					<Add library="libkernel32" />
					<Add library="libuser32" />
				</Linker>
				<ExtraCommands>
					<Add before="gcc --version" />
					<Add after="cmd /c type binMSYS2W64\Release\libdll_core.def" />
				</ExtraCommands>
			</Target>
			<Target title="Debug VS2022 X32">
				<Option platforms="Windows;" />
				<Option output="binVS2022X32/Debug/dll_core" prefix_auto="1" extension_auto="1" />
				<Option object_output="objVS2022X32/Debug" />
				<Option type="3" />
				<Option compiler="microsoft_visual_c_2022" />
				<Option createDefFile="1" />
				<Option createStaticLib="1" />
				<Compiler>
					<Add option="/ZI" />
					<Add option="-D" />
					<Add option="-g" />
					<Add option="/D_DEBUG" />
					<Add option="/DDEBUG" />
					<Add option="-DBUILD_DLL" />
					<Add option="-D_WIN32" />
				</Compiler>
				<Linker>
					<Add option="/debug" />
					<Add library="kernel32" />
					<Add library="user32" />
				</Linker>
				<ExtraCommands>
					<Add after="dumpbin /exports binVS2022X32\Debug\dll_core.dll" />
				</ExtraCommands>
			</Target>
			<Target title="Release VS2022 X32">
				<Option platforms="Windows;" />
				<Option output="binVS2022X32/Release/dll_core" prefix_auto="1" extension_auto="1" />
				<Option object_output="objVS2022X32/Release/" />
				<Option type="3" />
				<Option compiler="microsoft_visual_c_2022" />
				<Option createDefFile="1" />
				<Option createStaticLib="1" />
				<Compiler>
					<Add option="/TC" />
					<Add option="-DNDEBUG" />
					<Add option="-DBUILD_DLL" />
					<Add option="-D_WIN32" />
				</Compiler>
				<Linker>
					<Add library="kernel32" />
					<Add library="user32" />
				</Linker>
				<ExtraCommands>
					<Add after="dumpbin /exports binVS2022X32\Release\dll_core.dll" />
				</ExtraCommands>
			</Target>
			<Target title="Debug VS2022 X64">
				<Option output="binVS2022X64/Debug/dll_core" prefix_auto="1" extension_auto="1" />
				<Option object_output="objVS2022X64/Debug/" />
				<Option type="3" />
				<Option compiler="microsoft_visual_c_2022_x64" />
				<Option createDefFile="1" />
				<Option createStaticLib="1" />
				<Compiler>
					<Add option="/TC" />
					<Add option="/Zi" />
					<Add option="/D_DEBUG" />
					<Add option="/DDEBUG" />
					<Add option="-DBUILD_DLL" />
					<Add option="-D_WIN64" />
				</Compiler>
				<Linker>
					<Add option="/debug" />
					<Add library="kernel32" />
					<Add library="user32" />
				</Linker>
				<ExtraCommands>
					<Add after="dumpbin /exports binVS2022X64\Debug\dll_core.dll" />
				</ExtraCommands>
			</Target>
			<Target title="Release VS2022 X64">
				<Option output="binVS2022X64/Release/dll_core" prefix_auto="1" extension_auto="1" />
				<Option object_output="objVS2022X64/Release/" />
				<Option type="3" />
				<Option compiler="microsoft_visual_c_2022_x64" />
				<Option createDefFile="1" />
				<Option createStaticLib="1" />
				<Compiler>
					<Add option="/TC" />
					<Add option="-DNDEBUG" />
					<Add option="-DBUILD_DLL" />
					<Add option="-D_WIN64" />
				</Compiler>
				<Linker>
					<Add library="kernel32" />
					<Add library="user32" />
				</Linker>
				<ExtraCommands>
					<Add after="dumpbin /exports binVS2022X64\Release\dll_core.dll" />
				</ExtraCommands>
			</Target>
			<Target title="Debug BorlandC">
				<Option output="binBC55/Debug/dll_core" prefix_auto="1" extension_auto="1" />
				<Option object_output="objBC55/Debug/" />
				<Option type="3" />
				<Option compiler="bcc" />
				<Option createDefFile="1" />
				<Option createStaticLib="1" />
				<Compiler>
					<Add option="-tWD" />
					<Add option="-6" />
					<Add option="-y" />
					<Add option="-v" />
					<Add option="-DDEBUG" />
					<Add option="-D_DEBUG" />
					<Add option="-DBUILD_DLL" />
					<Add option="-D_WIN32" />
				</Compiler>
				<Linker>
					<Add option="-v" />
					<Add option="/Gi" />
					<Add library="kernel32" />
					<Add library="cw32i" />
					<Add library="user32" />
					<Add library="import32" />
				</Linker>
				<ExtraCommands>
					<Add after="impdef binBC55\Debug\dll_core.def binBC55\Debug\dll_core.dll" />
					<Add after="cmd /c type binBC55\Debug\dll_core.def" />
				</ExtraCommands>
				<Environment>
					<Variable name="def_file_bcc" value="src\dll_core_bcc.def" />
				</Environment>
			</Target>
			<Target title="Release BorlandC">
				<Option output="binBC55/Release/dll_core" prefix_auto="1" extension_auto="1" />
				<Option object_output="objBC55/Release/" />
				<Option type="3" />
				<Option compiler="bcc" />
				<Option createDefFile="1" />
				<Option createStaticLib="1" />
				<Compiler>
					<Add option="-tWD" />
					<Add option="-6" />
					<Add option="-v-" />
					<Add option="-DNDEBUG" />
					<Add option="-DBUILD_DLL" />
					<Add option="-D_WIN32" />
				</Compiler>
				<Linker>
					<Add option="/Gi" />
					<Add library="kernel32" />
					<Add library="cw32i" />
					<Add library="user32" />
					<Add library="import32" />
				</Linker>
				<ExtraCommands>
					<Add after="impdef binBC55\Release\dll_core.def binBC55\Release\dll_core.dll" />
					<Add after="cmd /c type binBC55\Release\dll_core.def" />
				</ExtraCommands>
				<Environment>
					<Variable name="def_file_bcc" value="src\dll_core_bcc.def" />
				</Environment>
			</Target>
			<Target title="Debug DMC">
				<Option platforms="Windows;" />
				<Option output="binDMC/Debug/dll_core" prefix_auto="1" extension_auto="1" />
				<Option object_output="objDMC/Debug/" />
				<Option type="3" />
				<Option compiler="dmc" />
				<Option createDefFile="1" />
				<Option createStaticLib="1" />
				<Compiler>
					<Add option="-WD" />
					<Add option="-g" />
					<Add option="-D_DEBUG" />
					<Add option="-DDEBUG" />
					<Add option="-DBUILD_DLL" />
					<Add option="-D_WIN32" />
				</Compiler>
				<Linker>
					<Add option="/IMPL:binDMC\Debug\dll_core.lib" />
					<Add option="/DEBUG" />
					<Add library="user32" />
					<Add library="kernel32" />
				</Linker>
				<ExtraCommands>
					<Add after="libunres -p binDMC\Debug\dll_core.lib" />
				</ExtraCommands>
				<Environment>
					<Variable name="def_file_dmc" value="src\dll_core_dmc.def" />
				</Environment>
			</Target>
			<Target title="Release DMC">
				<Option platforms="Windows;" />
				<Option output="binDMC/Release/dll_core" prefix_auto="1" extension_auto="1" />
				<Option object_output="objDMC/Release/" />
				<Option type="3" />
				<Option compiler="dmc" />
				<Option createDefFile="1" />
				<Option createStaticLib="1" />
				<Compiler>
					<Add option="-WD" />
					<Add option="-DNEBUG" />
					<Add option="-DBUILD_DLL" />
					<Add option="-D_WIN32" />
				</Compiler>
				<Linker>
					<Add option="/IMPL:binDMC\Release\dll_core.lib" />
					<Add library="user32" />
					<Add library="kernel32" />
				</Linker>
				<ExtraCommands>
					<Add after="libunres -p binDMC\Release\dll_core.lib" />
				</ExtraCommands>
				<Environment>
					<Variable name="def_file_dmc" value="src\dll_core_dmc.def" />
				</Environment>
			</Target>
			<Target title="Debug lcc">
				<Option platforms="Windows;" />
				<Option output="binlcc32/Debug/dll_core" prefix_auto="1" extension_auto="1" />
				<Option object_output="objlcc32/Debug/" />
				<Option type="3" />
				<Option compiler="lcc" />
				<Option createDefFile="1" />
				<Option createStaticLib="1" />
				<Compiler>
					<Add option="-g2" />
					<Add option="-D_DEBUG" />
					<Add option="-DDEBUG" />
					<Add option="-DBUILD_DLL" />
					<Add option="-D_WIN32" />
				</Compiler>
				<Linker>
					<Add option="-entry LibMain" />
					<Add option="-nounderscores" />
					<Add library="kernel32" />
					<Add library="user32" />
				</Linker>
				<ExtraCommands>
					<Add after="lcclib  binlcc32\Debug\dll_core.lib  objlcc32\Debug\src\dll_core.obj" />
					<Add after="pedump /EXP binlcc32\Debug\dll_core.dll" />
					<Add after="pedump /EXP binlcc32\Debug\dll_core.lib" />
				</ExtraCommands>
			</Target>
			<Target title="Release lcc">
				<Option platforms="Windows;" />
				<Option output="binlcc32/Release/dll_core" prefix_auto="1" extension_auto="1" />
				<Option object_output="objlcc32/Release/" />
				<Option type="3" />
				<Option compiler="lcc" />
				<Option createDefFile="1" />
				<Option createStaticLib="1" />
				<Compiler>
					<Add option="-DNDEBUG" />
					<Add option="-DBUILD_DLL" />
					<Add option="-D_WIN32" />
				</Compiler>
				<Linker>
					<Add option="-entry LibMain" />
					<Add option="-nounderscores" />
					<Add library="kernel32" />
					<Add library="user32" />
				</Linker>
				<ExtraCommands>
					<Add after="lcclib binlcc32\Release\dll_core.lib  objlcc32\Release\src\dll_core.obj" />
					<Add after="pedump /EXP binlcc32\Release\dll_core.dll" />
					<Add after="pedump /EXP binlcc32\Release\dll_core.lib" />
				</ExtraCommands>
			</Target>
			<Target title="Debug lcc64">
				<Option platforms="Windows;" />
				<Option output="binlcc64/Debug/dll_core" prefix_auto="1" extension_auto="1" />
				<Option object_output="objlcc64/Debug/" />
				<Option type="3" />
				<Option compiler="lcc_compiler_64" />
				<Option createDefFile="1" />
				<Option createStaticLib="1" />
				<Compiler>
					<Add option="-g2" />
					<Add option="-D_DEBUG" />
					<Add option="-DDEBUG" />
					<Add option="-DBUILD_DLL" />
					<Add option="-D_WIN64" />
					<Add option="-D__LCC64__" />
				</Compiler>
				<Linker>
					<Add option="src\dll_core_lcc.def" />
					<Add option="-entry LibMain" />
					<Add library="kernel32" />
					<Add library="user32" />
				</Linker>
				<ExtraCommands>
					<Add after="lcclib64  binlcc64\Debug\dll_core.lib  objlcc64\Debug\src\dll_core.obj" />
					<Add after="pedump /EXP binlcc64\Debug\dll_core.dll" />
					<Add after="pedump /EXP binlcc64\Debug\dll_core.lib" />
				</ExtraCommands>
			</Target>
			<Target title="Release lcc64">
				<Option platforms="Windows;" />
				<Option output="binlcc64/Release/dll_core" prefix_auto="1" extension_auto="1" />
				<Option object_output="objlcc64/Release/" />
				<Option type="3" />
				<Option compiler="lcc_compiler_64" />
				<Option createDefFile="1" />
				<Option createStaticLib="1" />
				<Compiler>
					<Add option="-DNDEBUG" />
					<Add option="-DBUILD_DLL" />
					<Add option="-D_WIN64" />
					<Add option="-D__LCC64__" />
				</Compiler>
				<Linker>
					<Add option="src\dll_core_lcc.def" />
					<Add option="-entry LibMain" />
					<Add library="kernel32" />
					<Add library="user32" />
				</Linker>
				<ExtraCommands>
					<Add after="lcclib64  binlcc64\Release\dll_core.lib  objlcc64\Release\src\dll_core.obj" />
					<Add after="pedump /EXP binlcc64\Release\dll_core.dll" />
					<Add after="pedump /EXP binlcc64\Release\dll_core.lib" />
				</ExtraCommands>
			</Target>
			<Target title="Debug OW 32">
				<Option platforms="Windows;" />
				<Option output="binOW32/Debug/dll_core" prefix_auto="1" extension_auto="1" />
				<Option object_output="objOW32/Debug" />
				<Option type="3" />
				<Option compiler="ow" />
				<Option createDefFile="1" />
				<Option createStaticLib="1" />
				<Compiler>
					<Add option="-bd" />
					<Add option="-d2" />
					<Add option="-bt=nt" />
					<Add option="-ecc" />
					<Add option="-d_DEBUG" />
					<Add option="-dDEBUG" />
					<Add option="-dBUILD_DLL" />
					<Add option="-d_WIN32" />
				</Compiler>
				<Linker>
					<Add option="initinstance terminstance" />
					<Add option="run win" />
					<Add option="EXPORT=src\dll_core_ow.lbc" />
					<Add option="option implib=binOW32\Debug\dll_core.lib" />
					<Add option="-def:binOW32\Debug\dll_core.def" />
				</Linker>
				<ExtraCommands>
					<Add after="wdump /i binOW32\Debug\dll_core.dll" />
				</ExtraCommands>
			</Target>
			<Target title="Release OW 32">
				<Option platforms="Windows;" />
				<Option output="binOW32/Release/dll_core" prefix_auto="1" extension_auto="1" />
				<Option object_output="objOW32/Release/" />
				<Option type="3" />
				<Option compiler="ow" />
				<Option createDefFile="1" />
				<Option createStaticLib="1" />
				<Compiler>
					<Add option="-bd" />
					<Add option="-d0" />
					<Add option="-bt=nt" />
					<Add option="-ecc" />
					<Add option="-dNDEBUG" />
					<Add option="-dBUILD_DLL" />
					<Add option="-d_WIN32" />
				</Compiler>
				<Linker>
					<Add option="initinstance terminstance" />
					<Add option="run win" />
					<Add option="EXPORT=src\dll_core_ow.lbc" />
					<Add option="option implib=binOW32\Release\dll_core.lib" />
					<Add option="-def:binOW32\Release\dll_core.def" />
				</Linker>
				<ExtraCommands>
					<Add after="wdump /i binOW32\Release\dll_core.dll" />
				</ExtraCommands>
			</Target>
			<Target title="Debug OW 64">
				<Option platforms="Windows;" />
				<Option output="binOW64/Debug/dll_core" prefix_auto="1" extension_auto="1" />
				<Option object_output="objOW64/Debug" />
				<Option type="3" />
				<Option compiler="openwatcom_w64_compiler" />
				<Option createDefFile="1" />
				<Option createStaticLib="1" />
				<Compiler>
					<Add option="-bd" />
					<Add option="-d2" />
					<Add option="-bt=nt" />
					<Add option="-ecc" />
					<Add option="-d_DEBUG" />
					<Add option="-dDEBUG" />
					<Add option="-dBUILD_DLL" />
					<Add option="-d_WIN32" />
				</Compiler>
				<Linker>
					<Add option="initinstance terminstance" />
					<Add option="run win" />
					<Add option="EXPORT=src\dll_core_ow.lbc" />
					<Add option="option implib=binOW64\Debug\dll_core.lib" />
					<Add option="-def:binOW64\Debug\dll_core.def" />
				</Linker>
				<ExtraCommands>
					<Add after="wdump /i binOW64\Debug\dll_core.dll" />
				</ExtraCommands>
			</Target>
			<Target title="Release OW 64">
				<Option platforms="Windows;" />
				<Option output="binOW64/Release/dll_core" prefix_auto="1" extension_auto="1" />
				<Option object_output="objOW64/Release/" />
				<Option type="3" />
				<Option compiler="openwatcom_w64_compiler" />
				<Option createDefFile="1" />
				<Option createStaticLib="1" />
				<Compiler>
					<Add option="-bd" />
					<Add option="-d0" />
					<Add option="-bt=nt" />
					<Add option="-ecc" />
					<Add option="-dNDEBUG" />
					<Add option="-dBUILD_DLL" />
					<Add option="-d_WIN32" />
				</Compiler>
				<Linker>
					<Add option="initinstance terminstance" />
					<Add option="run win" />
					<Add option="EXPORT=src\dll_core_ow.lbc" />
					<Add option="option implib=binOW64\Release\dll_core.lib" />
					<Add option="-def:binOW64\Release\dll_core.def" />
				</Linker>
				<ExtraCommands>
					<Add after="wdump /i binOW64\Release\dll_core.dll" />
				</ExtraCommands>
			</Target>
			<Target title="Debug PELLES C">
				<Option platforms="Windows;" />
				<Option output="binPELLESC32/Debug/dll_core" prefix_auto="1" extension_auto="1" />
				<Option object_output="objPELLESC32/Debug" />
				<Option type="3" />
				<Option compiler="pelles_c_2021" />
				<Option createDefFile="1" />
				<Option createStaticLib="1" />
				<Compiler>
					<Add option="/Gd" />
					<Add option="/Zi" />
					<Add option="/Ze" />
					<Add option="/c" />
					<Add option="/D_DEBUG" />
					<Add option="/DDEBUG" />
					<Add option="/DBUILD_DLL" />
					<Add option="/D_WIN32" />
				</Compiler>
				<Linker>
					<Add option="/debug" />
					<Add option="/dll" />
					<Add library="user32" />
					<Add library="kernel32" />
				</Linker>
				<ExtraCommands>
					<Add after="podump /exports binPELLESC32\Debug\dll_core.dll" />
				</ExtraCommands>
			</Target>
			<Target title="Release PELLES C">
				<Option platforms="Windows;" />
				<Option output="binPELLESC32/Release/dll_core" prefix_auto="1" extension_auto="1" />
				<Option object_output="objPELLESC32/Release/" />
				<Option type="3" />
				<Option compiler="pelles_c_2021" />
				<Option createDefFile="1" />
				<Option createStaticLib="1" />
				<Compiler>
					<Add option="/Gd" />
					<Add option="/Ze" />
					<Add option="/c" />
					<Add option="/DNDEBUG" />
					<Add option="/DBUILD_DLL" />
					<Add option="/D_WIN32" />
				</Compiler>
				<Linker>
					<Add option="/dll" />
					<Add library="user32" />
					<Add library="kernel32" />
				</Linker>
				<ExtraCommands>
					<Add after="podump /exports binPELLESC32\Release\dll_core.dll" />
				</ExtraCommands>
			</Target>
			<Target title="Debug PELLES C 64">
				<Option platforms="Windows;" />
				<Option output="binPELLESC64/Debug/dll_core" prefix_auto="1" extension_auto="1" />
				<Option object_output="objPELLESC64/Debug" />
				<Option type="3" />
				<Option compiler="pelles_c_2021_64b" />
				<Option createDefFile="1" />
				<Option createStaticLib="1" />
				<Compiler>
					<Add option="/Gd" />
					<Add option="/Zi" />
					<Add option="/Ze" />
					<Add option="/c" />
					<Add option="/D_DEBUG" />
					<Add option="/DDEBUG" />
					<Add option="/DBUILD_DLL" />
					<Add option="/D_WIN64" />
				</Compiler>
				<Linker>
					<Add option="/debug" />
					<Add option="/dll" />
					<Add library="user32" />
					<Add library="kernel32" />
				</Linker>
				<ExtraCommands>
					<Add after="podump /exports binPELLESC64\Debug\dll_core.dll" />
				</ExtraCommands>
			</Target>
			<Target title="Release PELLES C 64">
				<Option platforms="Windows;" />
				<Option output="binPELLESC64/Release/dll_core" prefix_auto="1" extension_auto="1" />
				<Option object_output="objPELLESC64/Release/" />
				<Option type="3" />
				<Option compiler="pelles_c_2021_64b" />
				<Option createDefFile="1" />
				<Option createStaticLib="1" />
				<Compiler>
					<Add option="/Gd" />
					<Add option="/Ze" />
					<Add option="/c" />
					<Add option="/DNDEBUG" />
					<Add option="/DBUILD_DLL" />
					<Add option="/D_WIN64" />
				</Compiler>
				<Linker>
					<Add option="/dll" />
					<Add library="user32" />
					<Add library="kernel32" />
				</Linker>
				<ExtraCommands>
					<Add after="podump /exports binPELLESC64\Release\dll_core.dll" />
				</ExtraCommands>
			</Target>
			<Target title="Debug CLANG Mingw32">
				<Option output="binCLANGW32/Debug/dll_core" prefix_auto="1" extension_auto="1" />
				<Option object_output="objCLANGW32/Debug/" />
				<Option type="3" />
				<Option compiler="llvm_clang_compiler_w32" />
				<Option createDefFile="1" />
				<Option createStaticLib="1" />
				<Compiler>
					<Add option="-g" />
					<Add option="-D_DEBUG" />
					<Add option="-DDEBUG" />
					<Add option="-DBUILD_DLL" />
					<Add option="-D_WIN32" />
				</Compiler>
				<Linker>
					<Add library="libkernel32" />
					<Add library="libuser32" />
				</Linker>
				<ExtraCommands>
					<Add before="clang --version" />
					<Add after="cmd /c type binCLANGW32\Debug\libdll_core.def" />
				</ExtraCommands>
			</Target>
			<Target title="Release CLANG Mingw32">
				<Option output="binCLANGW32/Release/dll_core" prefix_auto="1" extension_auto="1" />
				<Option object_output="objCLANGW32/release/" />
				<Option type="3" />
				<Option compiler="llvm_clang_compiler_w32" />
				<Option createDefFile="1" />
				<Option createStaticLib="1" />
				<Compiler>
					<Add option="-DNDEBUG" />
					<Add option="-DBUILD_DLL" />
					<Add option="-D_WIN32" />
				</Compiler>
				<Linker>
					<Add library="libkernel32" />
					<Add library="libuser32" />
				</Linker>
				<ExtraCommands>
					<Add before="clang --version" />
					<Add after="cmd /c type binCLANGW32\Release\libdll_core.def" />
				</ExtraCommands>
			</Target>
			<Target title="Debug CLANG Mingw64">
				<Option platforms="Windows;" />
				<Option output="binCLANGW64/Debug/dll_core" prefix_auto="1" extension_auto="1" />
				<Option object_output="objCLANGW64/Debug/" />
				<Option type="3" />
				<Option compiler="clang" />
				<Option createDefFile="1" />
				<Option createStaticLib="1" />
				<Compiler>
					<Add option="-g" />
					<Add option="-D_DEBUG" />
					<Add option="-DDEBUG" />
					<Add option="-DBUILD_DLL" />
					<Add option="-D_WIN64" />
				</Compiler>
				<Linker>
					<Add library="libkernel32" />
					<Add library="libuser32" />
				</Linker>
				<ExtraCommands>
					<Add before="clang --version" />
					<Add after="cmd /c type binCLANGW64\Debug\libdll_core.def" />
				</ExtraCommands>
			</Target>
			<Target title="Release CLANG Mingw64">
				<Option platforms="Windows;" />
				<Option output="binCLANGW64/Release/dll_core" prefix_auto="1" extension_auto="1" />
				<Option object_output="objCLANGW64/Release/" />
				<Option type="3" />
				<Option compiler="clang" />
				<Option createDefFile="1" />
				<Option createStaticLib="1" />
				<Compiler>
					<Add option="-DNDEBUG" />
					<Add option="-DBUILD_DLL" />
					<Add option="-D_WIN64" />
				</Compiler>
				<Linker>
					<Add library="libkernel32" />
					<Add library="libuser32" />
				</Linker>
				<ExtraCommands>
					<Add before="clang --version" />
					<Add after="cmd /c type binCLANGW64\Release\libdll_core.def" />
				</ExtraCommands>
			</Target>
			<Target title="Debug CLANG MSX32">
				<Option platforms="Windows;" />
				<Option output="binCLANGX32/Debug/dll_core" prefix_auto="1" extension_auto="1" />
				<Option object_output="objCLANGX32/Debug/" />
				<Option type="3" />
				<Option compiler="llvm_clang_compiler_x32" />
				<Option createDefFile="1" />
				<Option createStaticLib="1" />
				<Compiler>
					<Add option="-g" />
					<Add option="-D_DEBUG" />
					<Add option="-DDEBUG" />
					<Add option="-DBUILD_DLL" />
					<Add option="-D_WIN32" />
				</Compiler>
				<Linker>
					<Add library="user32" />
					<Add library="kernel32" />
				</Linker>
				<ExtraCommands>
					<Add before="clang --version" />
					<Add after="llvm-readobj.exe --coff-exports binCLANGX32\Debug\dll_core.dll" />
				</ExtraCommands>
			</Target>
			<Target title="Release CLANG MSX32">
				<Option platforms="Windows;" />
				<Option output="binCLANGX32/Release/dll_core" prefix_auto="1" extension_auto="1" />
				<Option object_output="objCLANGX32/Release/" />
				<Option type="3" />
				<Option compiler="llvm_clang_compiler_x32" />
				<Option createDefFile="1" />
				<Option createStaticLib="1" />
				<Compiler>
					<Add option="-DNDEBUG" />
					<Add option="-DBUILD_DLL" />
					<Add option="-D_WIN32" />
				</Compiler>
				<Linker>
					<Add library="user32" />
					<Add library="kernel32" />
				</Linker>
				<ExtraCommands>
					<Add before="clang --version" />
					<Add after="llvm-readobj.exe --coff-exports binCLANGX32\Release\dll_core.dll" />
				</ExtraCommands>
			</Target>
			<Target title="Debug CLANG MSX64">
				<Option platforms="Windows;" />
				<Option output="binCLANGX64/Debug/dll_core" prefix_auto="1" extension_auto="1" />
				<Option object_output="objCLANGX64/Debug/" />
				<Option type="3" />
				<Option compiler="llvm_clang_compiler_x64" />
				<Option createDefFile="1" />
				<Option createStaticLib="1" />
				<Compiler>
					<Add option="-g" />
					<Add option="-D_DEBUG" />
					<Add option="-DDEBUG" />
					<Add option="-DBUILD_DLL" />
					<Add option="-D_WIN64" />
				</Compiler>
				<Linker>
					<Add library="user32" />
					<Add library="kernel32" />
				</Linker>
				<ExtraCommands>
					<Add before="clang --version" />
					<Add after="llvm-readobj.exe --coff-exports binCLANGX64\Debug\dll_core.dll" />
				</ExtraCommands>
			</Target>
			<Target title="Release CLANG MSX64">
				<Option platforms="Windows;" />
				<Option output="binCLANGX64/Release/dll_core" prefix_auto="1" extension_auto="1" />
				<Option object_output="objCLANGX64/Release/" />
				<Option type="3" />
				<Option compiler="llvm_clang_compiler_x64" />
				<Option createDefFile="1" />
				<Option createStaticLib="1" />
				<Compiler>
					<Add option="-DNDEBUG" />
					<Add option="-DBUILD_DLL" />
					<Add option="-D_WIN64" />
				</Compiler>
				<Linker>
					<Add library="user32" />
					<Add library="kernel32" />
				</Linker>
				<ExtraCommands>
					<Add before="clang --version" />
					<Add after="llvm-readobj.exe --coff-exports binCLANGX64\Release\dll_core.dll" />
				</ExtraCommands>
			</Target>
			<Target title="Debug CLANG MSYS W32">
				<Option output="binCLANGMW32/Debug/dll_core" prefix_auto="1" extension_auto="1" />
				<Option object_output="objCLANGMW32/Debug/" />
				<Option type="3" />
				<Option compiler="clang_msys_w32_compiler" />
				<Option createDefFile="1" />
				<Option createStaticLib="1" />
				<Compiler>
					<Add option="-g" />
					<Add option="-D_DEBUG" />
					<Add option="-DDEBUG" />
					<Add option="-DBUILD_DLL" />
					<Add option="-D_WIN32" />
				</Compiler>
				<Linker>
					<Add library="libkernel32" />
					<Add library="libuser32" />
				</Linker>
				<ExtraCommands>
					<Add before="clang --version" />
					<Add after="cmd /c type binCLANGMW32\Debug\libdll_core.def" />
				</ExtraCommands>
			</Target>
			<Target title="Release CLANG MSYS W32">
				<Option output="binCLANGMW32/Release/dll_core" prefix_auto="1" extension_auto="1" />
				<Option object_output="objCLANGMW32/release/" />
				<Option type="3" />
				<Option compiler="clang_msys_w32_compiler" />
				<Option createDefFile="1" />
				<Option createStaticLib="1" />
				<Compiler>
					<Add option="-DNDEBUG" />
					<Add option="-DBUILD_DLL" />
					<Add option="-D_WIN32" />
				</Compiler>
				<Linker>
					<Add library="libkernel32" />
					<Add library="libuser32" />
				</Linker>
				<ExtraCommands>
					<Add before="clang --version" />
					<Add after="cmd /c type binCLANGMW32\Release\libdll_core.def" />
				</ExtraCommands>
			</Target>
			<Target title="Debug CLANG MSYS W64">
				<Option output="binCLANGMW64/Debug/dll_core" prefix_auto="1" extension_auto="1" />
				<Option object_output="objCLANGMW64/Debug/" />
				<Option type="3" />
				<Option compiler="clang_msys_w64_compiler" />
				<Option createDefFile="1" />
				<Option createStaticLib="1" />
				<Compiler>
					<Add option="-g" />
					<Add option="-D_DEBUG" />
					<Add option="-DDEBUG" />
					<Add option="-DBUILD_DLL" />
					<Add option="-D_WIN64" />
				</Compiler>
				<Linker>
					<Add library="libkernel32" />
					<Add library="libuser32" />
				</Linker>
				<ExtraCommands>
					<Add before="clang --version" />
					<Add after="cmd /c type binCLANGMW64\Debug\libdll_core.def" />
				</ExtraCommands>
			</Target>
			<Target title="Release CLANG MSYS W64">
				<Option output="binCLANGMW64/Release/dll_core" prefix_auto="1" extension_auto="1" />
				<Option object_output="objCLANGMW64/release/" />
				<Option type="3" />
				<Option compiler="clang_msys_w64_compiler" />
				<Option createDefFile="1" />
				<Option createStaticLib="1" />
				<Compiler>
					<Add option="-DNDEBUG" />
					<Add option="-DBUILD_DLL" />
					<Add option="-D_WIN64" />
				</Compiler>
				<Linker>
					<Add library="libkernel32" />
					<Add library="libuser32" />
				</Linker>
				<ExtraCommands>
					<Add before="clang --version" />
					<Add after="cmd /c type binCLANGMW64\Release\libdll_core.def" />
				</ExtraCommands>
			</Target>
			<Target title="Archive">
				<Option platforms="Windows;" />
				<Option output="Lesson09_src" prefix_auto="1" extension_auto="1" />
				<Option type="1" />
				<Option compiler="gcc" />
				<ExtraCommands>
					<Add before="cmd /c del *.7z" />
					<Add before="cmd /c del *.tar" />
					<Add before="%PYTHON64% ..\tools\Size_dll.py dll_core" />
					<Add before="%PYTHON64% ..\tools\Calc_checksums_dll.py dll_core" />
					<Add after='C:\Program Files\7-Zip\7z a $(PROJECT_NAME)_$(TODAY)_src.7z src\*.* res\*.* data\*.* build.cmake\*  build.batch\*  *.bat *.txt *.html *.md doxygen\* doc\* *.cbp *.workspace -x!*.bak README makefile -mhe -p&quot;$(PROJECT_NAME)_tde@03!&quot;' />
					<Add after="C:\Program Files\7-Zip\7z a -ttar $(PROJECT_NAME)_$(TODAY)_all.tar * -x!*.7z -x!*.bak" />
					<Add after='C:\Program Files\7-Zip\7z a $(PROJECT_NAME)_$(TODAY)_all.7z *.tar -mhe -p&quot;$(PROJECT_NAME)_tde@03!&quot;' />
					<Add after="cmd /c del *.tar" />
				</ExtraCommands>
			</Target>
		</Build>
		<VirtualTargets>
			<Add alias="BUILD DLL All build" targets="Debug Mingw32 official;Release Mingw32 official;Debug Mingw64 CB;Release Mingw64 CB;Debug Mingw64 Dev-Cpp;Release Mingw64 Dev-Cpp;Debug CYGWIN 32;Release CYGWIN 32;Debug CYGWIN 64;Release CYGWIN 64;Debug Mingw32 wl;Release Mingw32 wl;Debug Mingw64 wl;Release Mingw64 wl;Debug TDM MinGW32;Release TDM MinGW32;Debug TDM MinGW64;Release TDM MinGW64;Debug MSYS2W32;Release MSYS2W32;Debug MSYS2W64;Release MSYS2W64;Debug MSYS2 UCRT64;Release MSYS2 UCRT64;Debug VS2022 X32;Release VS2022 X32;Debug VS2022 X64;Release VS2022 X64;Debug DMC;Release DMC;Debug lcc64;Release lcc64;Debug BorlandC;Release BorlandC;Debug OW 32;Release OW 32;Debug OW 64;Release OW 64;Debug PELLES C;Release PELLES C;Debug PELLES C 64;Release PELLES C 64;Debug CLANG Mingw32;Release CLANG Mingw32;Debug CLANG Mingw64;Release CLANG Mingw64;Debug CLANG MSX32;Release CLANG MSX32;Debug CLANG MSX64;Release CLANG MSX64;Debug CLANG MSYS W32;Release CLANG MSYS W32;Debug CLANG MSYS W64;Release CLANG MSYS W64;Archive;" />
		</VirtualTargets>
		<Unit filename="src/dll_core.c">
			<Option compilerVar="CC" />
			<Option target="Debug Mingw32 official" />
			<Option target="Release Mingw32 official" />
			<Option target="Debug Mingw64 CB" />
			<Option target="Release Mingw64 CB" />
			<Option target="Debug Mingw64 Dev-Cpp" />
			<Option target="Release Mingw64 Dev-Cpp" />
			<Option target="Debug CYGWIN 32" />
			<Option target="Release CYGWIN 32" />
			<Option target="Debug CYGWIN 64" />
			<Option target="Release CYGWIN 64" />
			<Option target="Debug Mingw32 wl" />
			<Option target="Release Mingw32 wl" />
			<Option target="Debug Mingw64 wl" />
			<Option target="Release Mingw64 wl" />
			<Option target="Debug TDM MinGW32" />
			<Option target="Release TDM MinGW32" />
			<Option target="Debug TDM MinGW64" />
			<Option target="Release TDM MinGW64" />
			<Option target="Debug MSYS2W32" />
			<Option target="Release MSYS2W32" />
			<Option target="Debug MSYS2W64" />
			<Option target="Release MSYS2W64" />
			<Option target="Debug VS2022 X32" />
			<Option target="Release VS2022 X32" />
			<Option target="Debug VS2022 X64" />
			<Option target="Release VS2022 X64" />
			<Option target="Debug DMC" />
			<Option target="Release DMC" />
			<Option target="Debug lcc" />
			<Option target="Release lcc" />
			<Option target="Debug lcc64" />
			<Option target="Release lcc64" />
			<Option target="Debug BorlandC" />
			<Option target="Release BorlandC" />
			<Option target="Debug OW 32" />
			<Option target="Release OW 32" />
			<Option target="Debug OW 64" />
			<Option target="Release OW 64" />
			<Option target="Debug PELLES C" />
			<Option target="Release PELLES C" />
			<Option target="Debug PELLES C 64" />
			<Option target="Release PELLES C 64" />
			<Option target="Debug CLANG Mingw32" />
			<Option target="Release CLANG Mingw32" />
			<Option target="Debug CLANG Mingw64" />
			<Option target="Release CLANG Mingw64" />
			<Option target="Debug CLANG MSX32" />
			<Option target="Release CLANG MSX32" />
			<Option target="Debug CLANG MSX64" />
			<Option target="Release CLANG MSX64" />
			<Option target="Debug CLANG MSYS W32" />
			<Option target="Release CLANG MSYS W32" />
			<Option target="Debug CLANG MSYS W64" />
			<Option target="Release CLANG MSYS W64" />
			<Option target="Debug MSYS2 UCRT64" />
			<Option target="Release MSYS2 UCRT64" />
		</Unit>
		<Unit filename="src/dll_share.h">
			<Option target="Debug Mingw32 official" />
			<Option target="Release Mingw32 official" />
			<Option target="Debug Mingw64 CB" />
			<Option target="Release Mingw64 CB" />
			<Option target="Debug Mingw64 Dev-Cpp" />
			<Option target="Release Mingw64 Dev-Cpp" />
			<Option target="Debug CYGWIN 32" />
			<Option target="Release CYGWIN 32" />
			<Option target="Debug CYGWIN 64" />
			<Option target="Release CYGWIN 64" />
			<Option target="Debug Mingw32 wl" />
			<Option target="Release Mingw32 wl" />
			<Option target="Debug Mingw64 wl" />
			<Option target="Release Mingw64 wl" />
			<Option target="Debug TDM MinGW32" />
			<Option target="Release TDM MinGW32" />
			<Option target="Debug TDM MinGW64" />
			<Option target="Release TDM MinGW64" />
			<Option target="Debug MSYS2W32" />
			<Option target="Release MSYS2W32" />
			<Option target="Debug MSYS2W64" />
			<Option target="Release MSYS2W64" />
			<Option target="Debug VS2022 X32" />
			<Option target="Release VS2022 X32" />
			<Option target="Debug VS2022 X64" />
			<Option target="Release VS2022 X64" />
			<Option target="Debug DMC" />
			<Option target="Release DMC" />
			<Option target="Debug lcc" />
			<Option target="Release lcc" />
			<Option target="Debug lcc64" />
			<Option target="Release lcc64" />
			<Option target="Debug BorlandC" />
			<Option target="Release BorlandC" />
			<Option target="Debug OW 32" />
			<Option target="Release OW 32" />
			<Option target="Debug OW 64" />
			<Option target="Release OW 64" />
			<Option target="Debug PELLES C" />
			<Option target="Release PELLES C" />
			<Option target="Debug PELLES C 64" />
			<Option target="Release PELLES C 64" />
			<Option target="Debug CLANG Mingw32" />
			<Option target="Release CLANG Mingw32" />
			<Option target="Debug CLANG Mingw64" />
			<Option target="Release CLANG Mingw64" />
			<Option target="Debug CLANG MSX32" />
			<Option target="Release CLANG MSX32" />
			<Option target="Debug CLANG MSX64" />
			<Option target="Release CLANG MSX64" />
			<Option target="Debug CLANG MSYS W32" />
			<Option target="Release CLANG MSYS W32" />
			<Option target="Debug CLANG MSYS W64" />
			<Option target="Release CLANG MSYS W64" />
			<Option target="Debug MSYS2 UCRT64" />
			<Option target="Release MSYS2 UCRT64" />
		</Unit>
		<Extensions>
			<lib_finder disable_auto="1" />
		</Extensions>
	</Project>
</CodeBlocks_project_file>
