<?xml version="1.0" encoding="UTF-8" standalone="yes" ?>
<CodeBlocks_project_file>
	<FileVersion major="1" minor="6" />
	<Project>
		<Option title="testdll_explicit" />
		<Option pch_mode="2" />
		<Option compiler="gcc" />
		<Build>
			<Target title="Debug Mingw32 official">
				<Option output="binMingW32of/Debug/testdll_explicit" prefix_auto="1" extension_auto="1" />
				<Option object_output="objMingW32of/Debug/" />
				<Option type="1" />
				<Option compiler="gcc" />
				<Compiler>
					<Add option="-g" />
				</Compiler>
				<ExtraCommands>
					<Add after="binMingW32of\Debug\testdll_explicit.exe" />
				</ExtraCommands>
			</Target>
			<Target title="Release Mingw32 official">
				<Option output="binMingW32of/Release/testdll_explicit" prefix_auto="1" extension_auto="1" />
				<Option object_output="objMingW32of/Release/" />
				<Option type="1" />
				<Option compiler="gcc" />
				<Compiler>
					<Add option="-O2" />
				</Compiler>
				<Linker>
					<Add option="-s" />
				</Linker>
				<ExtraCommands>
					<Add after="binMingW32of\Release\testdll_explicit.exe" />
				</ExtraCommands>
			</Target>
			<Target title="Debug Mingw64 CB">
				<Option platforms="Windows;" />
				<Option output="binMingw64CB/Debug/testdll_explicit" prefix_auto="1" extension_auto="1" />
				<Option object_output="objMingw64CB/Debug/" />
				<Option type="1" />
				<Option compiler="gnu_gcc_compiler_cb" />
				<Compiler>
					<Add option="-g" />
					<Add option="-march=core2" />
					<Add option="-D_DEBUG" />
					<Add option="-DDEBUG" />
					<Add option="-D_WIN64" />
				</Compiler>
				<Linker>
					<Add library="libkernel32" />
					<Add library="libuser32" />
				</Linker>
				<ExtraCommands>
					<Add after="binMingw64CB\Debug\testdll_explicit.exe" />
				</ExtraCommands>
			</Target>
			<Target title="Release Mingw64 CB">
				<Option platforms="Windows;" />
				<Option output="binMingw64CB/Release/testdll_explicit" prefix_auto="1" extension_auto="1" />
				<Option object_output="objMingw64CB/Release/" />
				<Option type="1" />
				<Option compiler="gnu_gcc_compiler_cb" />
				<Compiler>
					<Add option="-O2" />
					<Add option="-DNDEBUG" />
					<Add option="-D_WIN64" />
				</Compiler>
				<Linker>
					<Add option="-s" />
					<Add library="libkernel32" />
					<Add library="libuser32" />
				</Linker>
				<ExtraCommands>
					<Add after="binMingw64CB\Release\testdll_explicit.exe" />
				</ExtraCommands>
			</Target>
			<Target title="Debug Mingw64 Dev-Cpp">
				<Option platforms="Windows;" />
				<Option output="binDevCpp/Debug/testdll_explicit" prefix_auto="1" extension_auto="1" />
				<Option object_output="objDevCpp/Debug/" />
				<Option type="1" />
				<Option compiler="gnu_gcc_compiler_dev" />
				<Compiler>
					<Add option="-g" />
					<Add option="-D_DEBUG" />
					<Add option="-DDEBUG" />
					<Add option="-D_WIN64" />
				</Compiler>
				<Linker>
					<Add library="libkernel32" />
					<Add library="libuser32" />
				</Linker>
				<ExtraCommands>
					<Add after="binDevCpp\Debug\testdll_explicit.exe" />
				</ExtraCommands>
			</Target>
			<Target title="Release Mingw64 Dev-Cpp">
				<Option platforms="Windows;" />
				<Option output="binDevCpp/Release/testdll_explicit" prefix_auto="1" extension_auto="1" />
				<Option object_output="objDevCpp/Release/" />
				<Option type="1" />
				<Option compiler="gnu_gcc_compiler_dev" />
				<Compiler>
					<Add option="-O2" />
					<Add option="-DNDEBUG" />
					<Add option="-D_WIN64" />
				</Compiler>
				<Linker>
					<Add option="-s" />
					<Add library="libkernel32" />
					<Add library="libuser32" />
				</Linker>
				<ExtraCommands>
					<Add after="binDevCpp\Release\testdll_explicit.exe" />
				</ExtraCommands>
			</Target>
			<Target title="Debug CYGWIN 32">
				<Option platforms="Windows;" />
				<Option output="binCYGWIN32/Debug/testdll_explicit" prefix_auto="1" extension_auto="1" />
				<Option object_output="objCYGWIN32/Debug" />
				<Option type="1" />
				<Option compiler="cygwin_gcc_32" />
				<Compiler>
					<Add option="-march=core2" />
					<Add option="-g" />
					<Add option="-D_DEBUG" />
					<Add option="-DDEBUG" />
					<Add option="-D_WIN32" />
				</Compiler>
				<Linker>
					<Add library="kernel32" />
					<Add library="user32" />
				</Linker>
				<ExtraCommands>
					<Add after="binCYGWIN32\Debug\testdll_explicit.exe" />
				</ExtraCommands>
			</Target>
			<Target title="Release CYGWIN 32">
				<Option platforms="Windows;" />
				<Option output="binCYGWIN32/Release/testdll_explicit" prefix_auto="1" extension_auto="1" />
				<Option object_output="objCYGWIN32/Release/" />
				<Option type="1" />
				<Option compiler="cygwin_gcc_32" />
				<Compiler>
					<Add option="-march=core2" />
					<Add option="-DNDEBUG" />
					<Add option="-D_WIN32" />
				</Compiler>
				<Linker>
					<Add library="kernel32" />
					<Add library="user32" />
				</Linker>
				<ExtraCommands>
					<Add after="binCYGWIN32\Release\testdll_explicit.exe" />
				</ExtraCommands>
			</Target>
			<Target title="Debug CYGWIN 64">
				<Option platforms="Windows;" />
				<Option output="binCYGWIN64/Debug/testdll_explicit" prefix_auto="1" extension_auto="1" />
				<Option object_output="objCYGWIN64/Debug" />
				<Option type="1" />
				<Option compiler="cygwin" />
				<Compiler>
					<Add option="-march=core2" />
					<Add option="-g" />
					<Add option="-D_DEBUG" />
					<Add option="-DDEBUG" />
					<Add option="-D_WIN64" />
				</Compiler>
				<Linker>
					<Add library="kernel32" />
					<Add library="user32" />
				</Linker>
				<ExtraCommands>
					<Add after="binCYGWIN64\Debug\testdll_explicit.exe" />
				</ExtraCommands>
			</Target>
			<Target title="Release CYGWIN 64">
				<Option platforms="Windows;" />
				<Option output="binCYGWIN64/Release/testdll_explicit" prefix_auto="1" extension_auto="1" />
				<Option object_output="objCYGWIN64/Release/" />
				<Option type="1" />
				<Option compiler="cygwin" />
				<Compiler>
					<Add option="-march=core2" />
					<Add option="-DNDEBUG" />
					<Add option="-D_WIN64" />
				</Compiler>
				<Linker>
					<Add library="kernel32" />
					<Add library="user32" />
				</Linker>
				<ExtraCommands>
					<Add after="binCYGWIN64\Release\testdll_explicit.exe" />
				</ExtraCommands>
			</Target>
			<Target title="Debug Mingw32 wl">
				<Option platforms="Windows;" />
				<Option output="binMingw32wl/Debug/testdll_explicit" prefix_auto="1" extension_auto="1" />
				<Option object_output="objMingw32wl/Debug/" />
				<Option type="1" />
				<Option compiler="gnu_gcc_mingw32_compiler" />
				<Compiler>
					<Add option="-g" />
					<Add option="-D_DEBUG" />
					<Add option="-DDEBUG" />
					<Add option="-D_WIN32" />
				</Compiler>
				<Linker>
					<Add library="libkernel32" />
					<Add library="libuser32" />
				</Linker>
				<ExtraCommands>
					<Add after="binMingw32wl\Debug\testdll_explicit.exe" />
				</ExtraCommands>
			</Target>
			<Target title="Release Mingw32 wl">
				<Option platforms="Windows;" />
				<Option output="binMingw32wl/Release/testdll_explicit" prefix_auto="1" extension_auto="1" />
				<Option object_output="objMingw32wl/Release/" />
				<Option type="1" />
				<Option compiler="gnu_gcc_mingw32_compiler" />
				<Compiler>
					<Add option="-DNDEBUG" />
					<Add option="-D_WIN32" />
				</Compiler>
				<Linker>
					<Add library="libkernel32" />
					<Add library="libuser32" />
				</Linker>
				<ExtraCommands>
					<Add after="binMingw32wl\Release\testdll_explicit.exe" />
				</ExtraCommands>
			</Target>
			<Target title="Debug Mingw64 wl">
				<Option platforms="Windows;" />
				<Option output="binMingw64wl/Debug/testdll_explicit" prefix_auto="1" extension_auto="1" />
				<Option object_output="objMingw64wl/Debug/" />
				<Option type="1" />
				<Option compiler="gcc-mingw64" />
				<Compiler>
					<Add option="-march=core2" />
					<Add option="-g" />
					<Add option="-D_DEBUG" />
					<Add option="-DDEBUG" />
					<Add option="-D_WIN64" />
				</Compiler>
				<Linker>
					<Add library="libkernel32" />
					<Add library="libuser32" />
				</Linker>
				<ExtraCommands>
					<Add after="binMingw64wl\Debug\testdll_explicit.exe" />
				</ExtraCommands>
			</Target>
			<Target title="Release Mingw64 wl">
				<Option platforms="Windows;" />
				<Option output="binMingw64wl/Release/testdll_explicit" prefix_auto="1" extension_auto="1" />
				<Option object_output="objMingw64wl/Release/" />
				<Option type="1" />
				<Option compiler="gcc-mingw64" />
				<Compiler>
					<Add option="-march=core2" />
					<Add option="-O2" />
					<Add option="-DNDEBUG" />
					<Add option="-D_WIN64" />
				</Compiler>
				<Linker>
					<Add option="-s" />
					<Add library="libkernel32" />
					<Add library="libuser32" />
				</Linker>
				<ExtraCommands>
					<Add after="binMingw64wl\Release\testdll_explicit.exe" />
				</ExtraCommands>
			</Target>
			<Target title="Debug TDM MinGW32">
				<Option platforms="Windows;" />
				<Option output="binTDMW32/Debug/testdll_explicit" prefix_auto="1" extension_auto="1" />
				<Option object_output="objTDMW32/Debug" />
				<Option type="1" />
				<Option compiler="tdm_gcc_compiler" />
				<Compiler>
					<Add option="-march=core2" />
					<Add option="-std=c99" />
					<Add option="-g" />
					<Add option="-D_DEBUG" />
					<Add option="-DDEBUG" />
					<Add option="-D_WIN32" />
				</Compiler>
				<Linker>
					<Add library="libkernel32" />
					<Add library="libuser32" />
				</Linker>
				<ExtraCommands>
					<Add after="binTDMW32\Debug\testdll_explicit.exe" />
				</ExtraCommands>
			</Target>
			<Target title="Release TDM MinGW32">
				<Option platforms="Windows;" />
				<Option output="binTDMW32/Release/testdll_explicit" prefix_auto="1" extension_auto="1" />
				<Option object_output="objTDMW32/Release" />
				<Option type="1" />
				<Option compiler="tdm_gcc_compiler" />
				<Compiler>
					<Add option="-march=core2" />
					<Add option="-O2" />
					<Add option="-std=c99" />
					<Add option="-DNDEBUG" />
					<Add option="-D_WIN32" />
				</Compiler>
				<Linker>
					<Add option="-s" />
					<Add library="libkernel32" />
					<Add library="libuser32" />
				</Linker>
				<ExtraCommands>
					<Add after="binTDMW32\Release\testdll_explicit.exe" />
				</ExtraCommands>
			</Target>
			<Target title="Debug TDM MinGW64">
				<Option platforms="Windows;" />
				<Option output="binTDMW64/Debug/testdll_explicit" prefix_auto="1" extension_auto="1" />
				<Option object_output="objTDMW64/Debug" />
				<Option type="1" />
				<Option compiler="tdm_gcc_x64_compiler" />
				<Compiler>
					<Add option="-march=core2" />
					<Add option="-g" />
					<Add option="-std=c99" />
					<Add option="-D_DEBUG" />
					<Add option="-DDEBUG" />
					<Add option="-D_WIN64" />
				</Compiler>
				<Linker>
					<Add library="libkernel32" />
					<Add library="libuser32" />
				</Linker>
				<ExtraCommands>
					<Add after="binTDMW64\Debug\testdll_explicit.exe" />
				</ExtraCommands>
			</Target>
			<Target title="Release TDM MinGW64">
				<Option platforms="Windows;" />
				<Option output="binTDMW64/Release/testdll_explicit" prefix_auto="1" extension_auto="1" />
				<Option object_output="objTDMW64/Release" />
				<Option type="1" />
				<Option compiler="tdm_gcc_x64_compiler" />
				<Compiler>
					<Add option="-march=core2" />
					<Add option="-O2" />
					<Add option="-std=c99" />
					<Add option="-DNDEBUG" />
					<Add option="-D_WIN64" />
				</Compiler>
				<Linker>
					<Add option="-s" />
					<Add library="libkernel32" />
					<Add library="libuser32" />
				</Linker>
				<ExtraCommands>
					<Add after="binTDMW64\Release\testdll_explicit.exe" />
				</ExtraCommands>
			</Target>
			<Target title="Debug MSYS2W32">
				<Option platforms="Windows;" />
				<Option output="binMSYS2W32/Debug/testdll_explicit" prefix_auto="1" extension_auto="1" />
				<Option object_output="objMSYS2W32/Debug/" />
				<Option type="1" />
				<Option compiler="gcc-msys2-mingw32" />
				<Compiler>
					<Add option="-march=core2" />
					<Add option="-g" />
					<Add option="-D_DEBUG" />
					<Add option="-DDEBUG" />
					<Add option="-DBUILD_DLL" />
				</Compiler>
				<Linker>
					<Add library="libkernel32" />
					<Add library="libuser32" />
				</Linker>
				<ExtraCommands>
					<Add after="binMSYS2W32\Debug\testdll_explicit.exe" />
				</ExtraCommands>
			</Target>
			<Target title="Release MSYS2W32">
				<Option platforms="Windows;" />
				<Option output="binMSYS2W32/Release/testdll_explicit" prefix_auto="1" extension_auto="1" />
				<Option object_output="objMSYS2W32/Release/" />
				<Option type="1" />
				<Option compiler="gcc-msys2-mingw32" />
				<Compiler>
					<Add option="-O2" />
					<Add option="-DNDEBUG" />
					<Add option="-D_WIN32" />
				</Compiler>
				<Linker>
					<Add option="-s" />
					<Add library="libkernel32" />
					<Add library="libuser32" />
				</Linker>
				<ExtraCommands>
					<Add after="binMSYS2W32\Release\testdll_explicit.exe" />
				</ExtraCommands>
			</Target>
			<Target title="Debug MSYS2W64">
				<Option platforms="Windows;" />
				<Option output="binMSYS2W64/Debug/testdll_explicit" prefix_auto="1" extension_auto="1" />
				<Option object_output="objMSYS2W64/Debug/" />
				<Option type="1" />
				<Option compiler="gcc-msys2-mingw64" />
				<Compiler>
					<Add option="-march=core2" />
					<Add option="-g" />
					<Add option="-D_DEBUG" />
					<Add option="-DDEBUG" />
					<Add option="-D_WIN64" />
				</Compiler>
				<Linker>
					<Add library="libkernel32" />
					<Add library="libuser32" />
				</Linker>
				<ExtraCommands>
					<Add after="binMSYS2W64\Debug\testdll_explicit.exe" />
				</ExtraCommands>
			</Target>
			<Target title="Release MSYS2W64">
				<Option platforms="Windows;" />
				<Option output="binMSYS2W64/Release/testdll_explicit" prefix_auto="1" extension_auto="1" />
				<Option object_output="objMSYS2W64/Release/" />
				<Option type="1" />
				<Option compiler="gcc-msys2-mingw64" />
				<Compiler>
					<Add option="-O2" />
					<Add option="-DNDEBUG" />
					<Add option="-D_WIN64" />
				</Compiler>
				<Linker>
					<Add option="-s" />
					<Add library="libkernel32" />
					<Add library="libuser32" />
				</Linker>
				<ExtraCommands>
					<Add after="binMSYS2W64\Release\testdll_explicit.exe" />
				</ExtraCommands>
			</Target>
			<Target title="Debug MSYS2 UCRT64">
				<Option platforms="Windows;" />
				<Option output="binMSYS2U64/Debug/testdll_explicit" prefix_auto="1" extension_auto="1" />
				<Option object_output="objMSYS2U64/Debug/" />
				<Option type="1" />
				<Option compiler="gnu_gcc_msys_ucrt64_compiler" />
				<Compiler>
					<Add option="-g" />
					<Add option="-D_DEBUG" />
					<Add option="-DDEBUG" />
					<Add option="-D_WIN64" />
				</Compiler>
				<Linker>
					<Add library="libkernel32" />
					<Add library="libuser32" />
				</Linker>
				<ExtraCommands>
					<Add after="binMSYS2W64\Debug\testdll_explicit.exe" />
				</ExtraCommands>
			</Target>
			<Target title="Release MSYS2 UCRT64">
				<Option platforms="Windows;" />
				<Option output="binMSYS2U64/Release/testdll_explicit" prefix_auto="1" extension_auto="1" />
				<Option object_output="objMSYS2U64/Release/" />
				<Option type="1" />
				<Option compiler="gnu_gcc_msys_ucrt64_compiler" />
				<Compiler>
					<Add option="-DNDEBUG" />
					<Add option="-D_WIN64" />
				</Compiler>
				<Linker>
					<Add library="libkernel32" />
					<Add library="libuser32" />
				</Linker>
				<ExtraCommands>
					<Add after="binMSYS2W64\Release\testdll_explicit.exe" />
				</ExtraCommands>
			</Target>
			<Target title="Debug VS2022 X32">
				<Option platforms="Windows;" />
				<Option output="binVS2022X32/Debug/testdll_explicit" prefix_auto="1" extension_auto="1" />
				<Option object_output="objVS2022X32/Debug" />
				<Option type="1" />
				<Option compiler="microsoft_visual_c_2022" />
				<Compiler>
					<Add option="/ZI" />
					<Add option="-D" />
					<Add option="-g" />
					<Add option="/D_DEBUG" />
					<Add option="/DDEBUG" />
					<Add option="-D_WIN32" />
				</Compiler>
				<Linker>
					<Add option="/debug" />
					<Add library="kernel32" />
					<Add library="user32" />
				</Linker>
				<ExtraCommands>
					<Add after="binVS2022X32\Debug\testdll_explicit.exe" />
				</ExtraCommands>
			</Target>
			<Target title="Release VS2022 X32">
				<Option platforms="Windows;" />
				<Option output="binVS2022X32/Release/testdll_explicit" prefix_auto="1" extension_auto="1" />
				<Option object_output="objVS2022X32/Release/" />
				<Option type="1" />
				<Option compiler="microsoft_visual_c_2022" />
				<Compiler>
					<Add option="/TC" />
					<Add option="-DNDEBUG" />
					<Add option="-D_WIN32" />
				</Compiler>
				<Linker>
					<Add library="kernel32" />
					<Add library="user32" />
				</Linker>
				<ExtraCommands>
					<Add after="binVS2022X32\Release\testdll_explicit.exe" />
				</ExtraCommands>
			</Target>
			<Target title="Debug VS2022 X64">
				<Option output="binVS2022X64/Debug/testdll_explicit" prefix_auto="1" extension_auto="1" />
				<Option object_output="objVS2022X64/Debug/" />
				<Option type="1" />
				<Option compiler="microsoft_visual_c_2022_x64" />
				<Compiler>
					<Add option="/TC" />
					<Add option="/Zi" />
					<Add option="/D_DEBUG" />
					<Add option="/DDEBUG" />
					<Add option="-D_WIN64" />
				</Compiler>
				<Linker>
					<Add option="/debug" />
					<Add library="kernel32" />
					<Add library="user32" />
				</Linker>
				<ExtraCommands>
					<Add after="binVS2022X64\Debug\testdll_explicit.exe" />
				</ExtraCommands>
			</Target>
			<Target title="Release VS2022 X64">
				<Option output="binVS2022X64/Release/testdll_explicit" prefix_auto="1" extension_auto="1" />
				<Option object_output="objVS2022X64/Release/" />
				<Option type="1" />
				<Option compiler="microsoft_visual_c_2022_x64" />
				<Compiler>
					<Add option="/TC" />
					<Add option="-DNDEBUG" />
					<Add option="-D_WIN64" />
				</Compiler>
				<Linker>
					<Add library="kernel32" />
					<Add library="user32" />
				</Linker>
				<ExtraCommands>
					<Add after="binVS2022X64\Release\testdll_explicit.exe" />
				</ExtraCommands>
			</Target>
			<Target title="Debug BorlandC">
				<Option output="binBC55/Debug/testdll_explicit" prefix_auto="1" extension_auto="1" />
				<Option object_output="objBC55/Debug/" />
				<Option type="1" />
				<Option compiler="bcc" />
				<Compiler>
					<Add option="-tWC" />
					<Add option="-6" />
					<Add option="-y" />
					<Add option="-v" />
				</Compiler>
				<Linker>
					<Add library="kernel32" />
					<Add library="cw32" />
					<Add library="user32" />
					<Add library="import32" />
				</Linker>
				<ExtraCommands>
					<Add after="binBC55\Debug\testdll_explicit.exe" />
				</ExtraCommands>
			</Target>
			<Target title="Release BorlandC">
				<Option output="binBC55/Release/testdll_explicit" prefix_auto="1" extension_auto="1" />
				<Option object_output="objBC55/Release/" />
				<Option type="1" />
				<Option compiler="bcc" />
				<Compiler>
					<Add option="-tWC" />
					<Add option="-6" />
					<Add option="-v-" />
				</Compiler>
				<Linker>
					<Add library="kernel32" />
					<Add library="cw32" />
					<Add library="user32" />
					<Add library="import32" />
				</Linker>
				<ExtraCommands>
					<Add after="binBC55\Release\testdll_explicit.exe" />
				</ExtraCommands>
			</Target>
			<Target title="Debug DMC">
				<Option platforms="Windows;" />
				<Option output="binDMC/Debug/testdll_explicit" prefix_auto="1" extension_auto="1" />
				<Option object_output="objDMC/Debug/" />
				<Option type="1" />
				<Option compiler="dmc" />
				<Compiler>
					<Add option="-H" />
					<Add option="-g" />
					<Add option="-D_DEBUG" />
					<Add option="-DDEBUG" />
					<Add option="-D_WIN32" />
				</Compiler>
				<Linker>
					<Add library="user32" />
					<Add library="kernel32" />
				</Linker>
				<ExtraCommands>
					<Add after="binDMC\Debug\testdll_explicit.exe" />
				</ExtraCommands>
			</Target>
			<Target title="Release DMC">
				<Option platforms="Windows;" />
				<Option output="binDMC/Release/testdll_explicit" prefix_auto="1" extension_auto="1" />
				<Option object_output="objDMC/Release/" />
				<Option type="1" />
				<Option compiler="dmc" />
				<Compiler>
					<Add option="-H" />
					<Add option="-DNEBUG" />
					<Add option="-D_WIN32" />
				</Compiler>
				<Linker>
					<Add library="user32" />
					<Add library="kernel32" />
				</Linker>
				<ExtraCommands>
					<Add after="binDMC\Release\testdll_explicit.exe" />
				</ExtraCommands>
			</Target>
			<Target title="Debug lcc">
				<Option platforms="Windows;" />
				<Option output="binlcc32/Debug/testdll_explicit" prefix_auto="1" extension_auto="1" />
				<Option object_output="objlcc32/Debug/" />
				<Option type="1" />
				<Option compiler="lcc" />
				<Compiler>
					<Add option="-g2" />
					<Add option="-D_DEBUG" />
					<Add option="-DDEBUG" />
					<Add option="-D_WIN32" />
				</Compiler>
				<Linker>
					<Add option="-s" />
					<Add library="binlcc32/Debug/dll_core.lib" />
					<Add library="kernel32" />
					<Add library="user32" />
				</Linker>
				<ExtraCommands>
					<Add after="binlcc32\Debug\testdll_explicit.exe" />
				</ExtraCommands>
			</Target>
			<Target title="Release lcc">
				<Option platforms="Windows;" />
				<Option output="binlcc32/Release/testdll_explicit" prefix_auto="1" extension_auto="1" />
				<Option object_output="objlcc32/Release/" />
				<Option type="1" />
				<Option compiler="lcc" />
				<Compiler>
					<Add option="-DNDEBUG" />
					<Add option="-D_WIN32" />
				</Compiler>
				<Linker>
					<Add library="binlcc32/Release/dll_core.lib" />
					<Add library="kernel32" />
					<Add library="user32" />
				</Linker>
				<ExtraCommands>
					<Add after="binlcc32\Release\testdll_explicit.exe" />
				</ExtraCommands>
			</Target>
			<Target title="Debug lcc64">
				<Option platforms="Windows;" />
				<Option output="binlcc64/Debug/testdll_explicit" prefix_auto="1" extension_auto="1" />
				<Option object_output="objlcc64/Debug/" />
				<Option type="1" />
				<Option compiler="lcc_compiler_64" />
				<Compiler>
					<Add option="-g2" />
					<Add option="-D_DEBUG" />
					<Add option="-DDEBUG" />
					<Add option="-D_WIN64" />
				</Compiler>
				<Linker>
					<Add library="binlcc64/Debug/dll_core.lib" />
					<Add library="kernel32" />
					<Add library="user32" />
				</Linker>
				<ExtraCommands>
					<Add after="binlcc64\Debug\testdll_explicit.exe" />
				</ExtraCommands>
			</Target>
			<Target title="Release lcc64">
				<Option platforms="Windows;" />
				<Option output="binlcc64/Release/testdll_explicit" prefix_auto="1" extension_auto="1" />
				<Option object_output="objlcc64/Release/" />
				<Option type="1" />
				<Option compiler="lcc_compiler_64" />
				<Compiler>
					<Add option="-DNDEBUG" />
					<Add option="-D_WIN64" />
				</Compiler>
				<Linker>
					<Add library="binlcc64/Release/dll_core.lib" />
					<Add library="kernel32" />
					<Add library="user32" />
				</Linker>
				<ExtraCommands>
					<Add after="binlcc64\Release\testdll_explicit.exe" />
				</ExtraCommands>
			</Target>
			<Target title="Debug OW 32">
				<Option platforms="Windows;" />
				<Option output="binOW32/Debug/testdll_explicit" prefix_auto="1" extension_auto="1" />
				<Option object_output="objOW32/Debug" />
				<Option type="1" />
				<Option compiler="ow" />
				<Compiler>
					<Add option="-d2" />
					<Add option="-bt=nt" />
					<Add option="-ecc" />
					<Add option="-d_DEBUG" />
					<Add option="-dDEBUG" />
					<Add option="-d_WIN32" />
				</Compiler>
				<ExtraCommands>
					<Add after="binOW32\Debug\testdll_explicit.exe" />
				</ExtraCommands>
			</Target>
			<Target title="Release OW 32">
				<Option platforms="Windows;" />
				<Option output="binOW32/Release/testdll_explicit" prefix_auto="1" extension_auto="1" />
				<Option object_output="objOW32/Release/" />
				<Option type="1" />
				<Option compiler="ow" />
				<Compiler>
					<Add option="-d0" />
					<Add option="-bt=nt" />
					<Add option="-ecc" />
					<Add option="-dNDEBUG" />
					<Add option="-d_WIN32" />
				</Compiler>
				<ExtraCommands>
					<Add after="binOW32\Release\testdll_explicit.exe" />
				</ExtraCommands>
			</Target>
			<Target title="Debug OW 64">
				<Option platforms="Windows;" />
				<Option output="binOW64/Debug/testdll_explicit" prefix_auto="1" extension_auto="1" />
				<Option object_output="objOW64/Debug" />
				<Option type="1" />
				<Option compiler="openwatcom_w64_compiler" />
				<Compiler>
					<Add option="-d2" />
					<Add option="-bt=nt" />
					<Add option="-ecc" />
					<Add option="-d_DEBUG" />
					<Add option="-dDEBUG" />
					<Add option="-d_WIN32" />
				</Compiler>
				<ExtraCommands>
					<Add after="binOW64\Debug\testdll_explicit.exe" />
				</ExtraCommands>
			</Target>
			<Target title="Release OW 64">
				<Option platforms="Windows;" />
				<Option output="binOW64/Release/testdll_explicit" prefix_auto="1" extension_auto="1" />
				<Option object_output="objOW64/Release/" />
				<Option type="1" />
				<Option compiler="openwatcom_w64_compiler" />
				<Compiler>
					<Add option="-d0" />
					<Add option="-bt=nt" />
					<Add option="-ecc" />
					<Add option="-dNDEBUG" />
					<Add option="-d_WIN32" />
				</Compiler>
				<ExtraCommands>
					<Add after="binOW64\Release\testdll_explicit.exe" />
				</ExtraCommands>
			</Target>
			<Target title="Debug PELLES C">
				<Option platforms="Windows;" />
				<Option output="binPELLESC32/Debug/testdll_explicit" prefix_auto="1" extension_auto="1" />
				<Option object_output="objPELLESC32/Debug" />
				<Option type="1" />
				<Option compiler="pelles_c_2021" />
				<Compiler>
					<Add option="/Zi" />
					<Add option="/Ze" />
					<Add option="/c" />
					<Add option="/D_DEBUG" />
					<Add option="/DDEBUG" />
					<Add option="/D_WIN32" />
				</Compiler>
				<Linker>
					<Add option="/debug" />
					<Add option="/SUBSYSTEM:CONSOLE" />
					<Add library="user32" />
					<Add library="kernel32" />
				</Linker>
				<ExtraCommands>
					<Add after="binPELLESC32\Debug\testdll_explicit.exe" />
				</ExtraCommands>
			</Target>
			<Target title="Release PELLES C">
				<Option platforms="Windows;" />
				<Option output="binPELLESC32/Release/testdll_explicit" prefix_auto="1" extension_auto="1" />
				<Option object_output="objPELLESC32/Release/" />
				<Option type="1" />
				<Option compiler="pelles_c_2021" />
				<Compiler>
					<Add option="/Ze" />
					<Add option="/Gd" />
					<Add option="/c" />
					<Add option="/DNDEBUG" />
					<Add option="/D_WIN32" />
				</Compiler>
				<Linker>
					<Add option="/SUBSYSTEM:CONSOLE" />
					<Add library="shell32" />
					<Add library="user32" />
					<Add library="kernel32" />
				</Linker>
				<ExtraCommands>
					<Add after="binPELLESC32\Release\testdll_explicit.exe" />
				</ExtraCommands>
			</Target>
			<Target title="Debug PELLES C 64">
				<Option platforms="Windows;" />
				<Option output="binPELLESC64/Debug/testdll_explicit" prefix_auto="1" extension_auto="1" />
				<Option object_output="objPELLESC64/Debug" />
				<Option type="1" />
				<Option compiler="pelles_c_2021_64b" />
				<Compiler>
					<Add option="/Zi" />
					<Add option="/Ze" />
					<Add option="/c" />
					<Add option="/D_DEBUG" />
					<Add option="/DDEBUG" />
					<Add option="/D_WIN64" />
				</Compiler>
				<Linker>
					<Add option="/debug" />
					<Add option="/SUBSYSTEM:CONSOLE" />
					<Add library="shell32" />
					<Add library="user32" />
					<Add library="kernel32" />
				</Linker>
				<ExtraCommands>
					<Add after="binPELLESC64\Debug\testdll_explicit.exe" />
				</ExtraCommands>
			</Target>
			<Target title="Release PELLES C 64">
				<Option platforms="Windows;" />
				<Option output="binPELLESC64/Release/testdll_explicit" prefix_auto="1" extension_auto="1" />
				<Option object_output="objPELLESC64/Release/" />
				<Option type="1" />
				<Option compiler="pelles_c_2021_64b" />
				<Compiler>
					<Add option="/Ze" />
					<Add option="/c" />
					<Add option="/DNDEBUG" />
					<Add option="/D_WIN64" />
				</Compiler>
				<Linker>
					<Add option="/SUBSYSTEM:CONSOLE" />
					<Add library="user32" />
					<Add library="kernel32" />
				</Linker>
				<ExtraCommands>
					<Add after="binPELLESC64\Release\testdll_explicit.exe" />
				</ExtraCommands>
			</Target>
			<Target title="Debug CLANG Mingw32">
				<Option output="binCLANGW32/Debug/testdll_explicit" prefix_auto="1" extension_auto="1" />
				<Option object_output="objCLANGW32/Debug/" />
				<Option type="1" />
				<Option compiler="llvm_clang_compiler_w32" />
				<Compiler>
					<Add option="-g" />
					<Add option="-D_DEBUG" />
					<Add option="-DDEBUG" />
					<Add option="-D_WIN32" />
				</Compiler>
				<Linker>
					<Add library="libkernel32" />
					<Add library="libuser32" />
				</Linker>
				<ExtraCommands>
					<Add after="binCLANGW32\Debug\testdll_explicit.exe" />
				</ExtraCommands>
			</Target>
			<Target title="Release CLANG Mingw32">
				<Option output="binCLANGW32/Release/testdll_explicit" prefix_auto="1" extension_auto="1" />
				<Option object_output="objCLANGW32/release/" />
				<Option type="1" />
				<Option compiler="llvm_clang_compiler_w32" />
				<Compiler>
					<Add option="-DNDEBUG" />
					<Add option="-D_WIN32" />
				</Compiler>
				<Linker>
					<Add library="libkernel32" />
					<Add library="libuser32" />
				</Linker>
				<ExtraCommands>
					<Add after="binCLANGW32\Release\testdll_explicit.exe" />
				</ExtraCommands>
			</Target>
			<Target title="Debug CLANG Mingw64">
				<Option platforms="Windows;" />
				<Option output="binCLANGW64/Debug/testdll_explicit" prefix_auto="1" extension_auto="1" />
				<Option object_output="objCLANGW64/Debug/" />
				<Option type="1" />
				<Option compiler="clang" />
				<Compiler>
					<Add option="-g" />
					<Add option="-D_DEBUG" />
					<Add option="-DDEBUG" />
					<Add option="-D_WIN64" />
				</Compiler>
				<Linker>
					<Add library="libkernel32" />
					<Add library="libuser32" />
				</Linker>
				<ExtraCommands>
					<Add after="binCLANGW64\Debug\testdll_explicit.exe" />
				</ExtraCommands>
			</Target>
			<Target title="Release CLANG Mingw64">
				<Option platforms="Windows;" />
				<Option output="binCLANGW64/Release/testdll_explicit" prefix_auto="1" extension_auto="1" />
				<Option object_output="objCLANGW64/Release/" />
				<Option type="1" />
				<Option compiler="clang" />
				<Compiler>
					<Add option="-DNDEBUG" />
					<Add option="-D_WIN64" />
				</Compiler>
				<Linker>
					<Add library="libkernel32" />
					<Add library="libuser32" />
				</Linker>
				<ExtraCommands>
					<Add after="binCLANGW64\Release\testdll_explicit.exe" />
				</ExtraCommands>
			</Target>
			<Target title="Debug CLANG MSX32">
				<Option platforms="Windows;" />
				<Option output="binCLANGX32/Debug/testdll_explicit" prefix_auto="1" extension_auto="1" />
				<Option object_output="objCLANGX32/Debug/" />
				<Option type="1" />
				<Option compiler="llvm_clang_compiler_x32" />
				<Compiler>
					<Add option="-g" />
					<Add option="-D_DEBUG" />
					<Add option="-DDEBUG" />
					<Add option="-D_WIN32" />
				</Compiler>
				<Linker>
					<Add library="user32" />
					<Add library="kernel32" />
				</Linker>
				<ExtraCommands>
					<Add after="binCLANGX32\Debug\testdll_explicit.exe" />
				</ExtraCommands>
			</Target>
			<Target title="Release CLANG MSX32">
				<Option platforms="Windows;" />
				<Option output="binCLANGX32/Release/testdll_explicit" prefix_auto="1" extension_auto="1" />
				<Option object_output="objCLANGX32/Release/" />
				<Option type="1" />
				<Option compiler="llvm_clang_compiler_x32" />
				<Compiler>
					<Add option="-DNDEBUG" />
					<Add option="-D_WIN32" />
				</Compiler>
				<Linker>
					<Add library="user32" />
					<Add library="kernel32" />
				</Linker>
				<ExtraCommands>
					<Add after="binCLANGX32\Release\testdll_explicit.exe" />
				</ExtraCommands>
			</Target>
			<Target title="Debug CLANG MSX64">
				<Option platforms="Windows;" />
				<Option output="binCLANGX64/Debug/testdll_explicit" prefix_auto="1" extension_auto="1" />
				<Option object_output="objCLANGX64/Debug/" />
				<Option type="1" />
				<Option compiler="llvm_clang_compiler_x64" />
				<Compiler>
					<Add option="-g" />
					<Add option="-D_DEBUG" />
					<Add option="-DDEBUG" />
					<Add option="-D_WIN64" />
				</Compiler>
				<Linker>
					<Add library="user32" />
					<Add library="kernel32" />
				</Linker>
				<ExtraCommands>
					<Add after="binCLANGX64\Debug\testdll_explicit.exe" />
				</ExtraCommands>
			</Target>
			<Target title="Release CLANG MSX64">
				<Option platforms="Windows;" />
				<Option output="binCLANGX64/Release/testdll_explicit" prefix_auto="1" extension_auto="1" />
				<Option object_output="objCLANGX64/Release/" />
				<Option type="1" />
				<Option compiler="llvm_clang_compiler_x64" />
				<Compiler>
					<Add option="-DNDEBUG" />
					<Add option="-D_WIN64" />
				</Compiler>
				<Linker>
					<Add library="user32" />
					<Add library="kernel32" />
				</Linker>
				<ExtraCommands>
					<Add after="binCLANGX64\Release\testdll_explicit.exe" />
				</ExtraCommands>
			</Target>
			<Target title="Debug CLANG MSYS W32">
				<Option output="binCLANGMW32/Debug/testdll_explicit" prefix_auto="1" extension_auto="1" />
				<Option object_output="objCLANGMW32/Debug/" />
				<Option type="1" />
				<Option compiler="clang_msys_w32_compiler" />
				<Compiler>
					<Add option="-g" />
					<Add option="-D_DEBUG" />
					<Add option="-DDEBUG" />
					<Add option="-D_WIN32" />
				</Compiler>
				<Linker>
					<Add library="libkernel32" />
					<Add library="libuser32" />
				</Linker>
				<ExtraCommands>
					<Add after="binCLANGMW32\Debug\testdll_explicit.exe" />
				</ExtraCommands>
			</Target>
			<Target title="Release CLANG MSYS W32">
				<Option output="binCLANGMW32/Release/testdll_explicit" prefix_auto="1" extension_auto="1" />
				<Option object_output="objCLANGMW32/release/" />
				<Option type="1" />
				<Option compiler="clang_msys_w32_compiler" />
				<Compiler>
					<Add option="-DNDEBUG" />
					<Add option="-D_WIN32" />
				</Compiler>
				<Linker>
					<Add library="libkernel32" />
					<Add library="libuser32" />
				</Linker>
				<ExtraCommands>
					<Add after="binCLANGMW32\Release\testdll_explicit.exe" />
				</ExtraCommands>
			</Target>
			<Target title="Debug CLANG MSYS W64">
				<Option output="binCLANGMW64/Debug/testdll_explicit" prefix_auto="1" extension_auto="1" />
				<Option object_output="objCLANGMW64/Debug/" />
				<Option type="1" />
				<Option compiler="clang_msys_w64_compiler" />
				<Compiler>
					<Add option="-g" />
					<Add option="-D_DEBUG" />
					<Add option="-DDEBUG" />
					<Add option="-D_WIN64" />
				</Compiler>
				<Linker>
					<Add library="libkernel32" />
					<Add library="libuser32" />
				</Linker>
				<ExtraCommands>
					<Add after="binCLANGMW64\Debug\testdll_explicit.exe" />
				</ExtraCommands>
			</Target>
			<Target title="Release CLANG MSYS W64">
				<Option output="binCLANGMW64/Release/testdll_explicit" prefix_auto="1" extension_auto="1" />
				<Option object_output="objCLANGMW64/release/" />
				<Option type="1" />
				<Option compiler="clang_msys_w64_compiler" />
				<Compiler>
					<Add option="-DNDEBUG" />
					<Add option="-D_WIN64" />
				</Compiler>
				<Linker>
					<Add library="libkernel32" />
					<Add library="libuser32" />
				</Linker>
				<ExtraCommands>
					<Add after="binCLANGMW64\Release\testdll_explicit.exe" />
				</ExtraCommands>
			</Target>
		</Build>
		<VirtualTargets>
			<Add alias="Test DLL exp All build" targets="Debug Mingw32 official;Release Mingw32 official;Debug Mingw64 CB;Release Mingw64 CB;Debug Mingw64 Dev-Cpp;Release Mingw64 Dev-Cpp;Debug CYGWIN 32;Release CYGWIN 32;Debug CYGWIN 64;Release CYGWIN 64;Debug Mingw32 wl;Release Mingw32 wl;Debug Mingw64 wl;Release Mingw64 wl;Debug TDM MinGW32;Release TDM MinGW32;Debug TDM MinGW64;Release TDM MinGW64;Debug MSYS2W32;Release MSYS2W32;Debug MSYS2W64;Release MSYS2W64;Debug MSYS2 UCRT64;Release MSYS2 UCRT64;Debug VS2022 X32;Release VS2022 X32;Debug VS2022 X64;Release VS2022 X64;Debug BorlandC;Release BorlandC;Debug DMC;Release DMC;Debug lcc;Release lcc;Debug lcc64;Release lcc64;Debug OW 32;Release OW 32;Debug OW 64;Release OW 64;Debug PELLES C;Release PELLES C;Debug PELLES C 64;Release PELLES C 64;Debug CLANG Mingw32;Release CLANG Mingw32;Debug CLANG Mingw64;Release CLANG Mingw64;Debug CLANG MSX32;Release CLANG MSX32;Debug CLANG MSX64;Release CLANG MSX64;Debug CLANG MSYS W32;Release CLANG MSYS W32;Debug CLANG MSYS W64;Release CLANG MSYS W64;" />
		</VirtualTargets>
		<Unit filename="src/testdll_explicit.c">
			<Option compilerVar="CC" />
		</Unit>
		<Extensions>
			<lib_finder disable_auto="1" />
		</Extensions>
	</Project>
</CodeBlocks_project_file>
